<?xml version="1.0" encoding="utf-8"?>
<Project ToolsVersion="4.0" xmlns="http://schemas.microsoft.com/developer/msbuild/2003">
  <ItemGroup>
    <Filter Include="Source Files">
      <UniqueIdentifier>{4FC737F1-C7A5-4376-A066-2A32D752A2FF}</UniqueIdentifier>
      <Extensions>cpp;c;cc;cxx;def;odl;idl;hpj;bat;asm;asmx</Extensions>
    </Filter>
    <Filter Include="Header Files">
      <UniqueIdentifier>{93995380-89BD-4b04-88EB-625FBE52EBFB}</UniqueIdentifier>
      <Extensions>h;hh;hpp;hxx;hm;inl;inc;ipp;xsd</Extensions>
    </Filter>
    <Filter Include="Resource Files">
      <UniqueIdentifier>{67DA6AB6-F800-4c08-8B7A-83BB121AAD01}</UniqueIdentifier>
      <Extensions>rc;ico;cur;bmp;dlg;rc2;rct;bin;rgs;gif;jpg;jpeg;jpe;resx;tiff;tif;png;wav;mfcribbon-ms</Extensions>
    </Filter>
    <Filter Include="Shaders">
      <UniqueIdentifier>{e76f01f5-08db-40d4-8720-b5b21f7ec0a3}</UniqueIdentifier>
    </Filter>
    <Filter Include="Header Files\SHOE-Headers">
      <UniqueIdentifier>{c95da14c-2547-4cf3-89e6-b1e257b54bbc}</UniqueIdentifier>
    </Filter>
    <Filter Include="Header Files\IMGUI-Headers">
      <UniqueIdentifier>{de45888b-c224-4b4d-a194-9f251679a098}</UniqueIdentifier>
    </Filter>
    <Filter Include="Shaders\ShaderHeaders">
      <UniqueIdentifier>{f3918b0a-16a1-4390-b77c-fd93c9129439}</UniqueIdentifier>
    </Filter>
    <Filter Include="Shaders\VertexShaders">
      <UniqueIdentifier>{476fdd59-8fbd-455d-8e63-ca469138a3ff}</UniqueIdentifier>
    </Filter>
    <Filter Include="Shaders\PixelShaders">
      <UniqueIdentifier>{f101dd5d-da82-4edb-bb68-edb2d6dce548}</UniqueIdentifier>
    </Filter>
    <Filter Include="Shaders\ComputeShaders">
      <UniqueIdentifier>{729d2e93-2ec5-473a-8d6c-4e171e0c801d}</UniqueIdentifier>
    </Filter>
    <Filter Include="Source Files\SHOE-Source">
      <UniqueIdentifier>{987b94f2-1c52-46af-8699-21b84d20eef6}</UniqueIdentifier>
    </Filter>
    <Filter Include="Source Files\IMGUI-Source">
      <UniqueIdentifier>{51f652ae-a3c1-4e99-87b5-30cc4274e769}</UniqueIdentifier>
    </Filter>
    <Filter Include="Source Files\SHOE-Source\Components">
      <UniqueIdentifier>{b07139f7-a6b5-4571-920d-4baa8e5f9197}</UniqueIdentifier>
    </Filter>
    <Filter Include="Header Files\SHOE-Headers\Components">
      <UniqueIdentifier>{1b441970-5c02-418f-a367-b081ce6b0db6}</UniqueIdentifier>
    </Filter>
  </ItemGroup>
  <ItemGroup>
    <ClInclude Include="Headers\AssetManager.h">
      <Filter>Header Files\SHOE-Headers</Filter>
    </ClInclude>
    <ClInclude Include="Headers\DXCore.h">
      <Filter>Header Files\SHOE-Headers</Filter>
    </ClInclude>
    <ClInclude Include="Headers\Game.h">
      <Filter>Header Files\SHOE-Headers</Filter>
    </ClInclude>
    <ClInclude Include="Headers\GameEntity.fwd.h">
      <Filter>Header Files\SHOE-Headers</Filter>
    </ClInclude>
    <ClInclude Include="Headers\GameEntity.h">
      <Filter>Header Files\SHOE-Headers</Filter>
    </ClInclude>
    <ClInclude Include="Headers\Input.h">
      <Filter>Header Files\SHOE-Headers</Filter>
    </ClInclude>
    <ClInclude Include="Headers\Material.h">
      <Filter>Header Files\SHOE-Headers</Filter>
    </ClInclude>
    <ClInclude Include="Headers\Mesh.h">
      <Filter>Header Files\SHOE-Headers</Filter>
    </ClInclude>
    <ClInclude Include="Headers\Renderer.h">
      <Filter>Header Files\SHOE-Headers</Filter>
    </ClInclude>
    <ClInclude Include="Headers\SimpleShader.h">
      <Filter>Header Files\SHOE-Headers</Filter>
    </ClInclude>
    <ClInclude Include="Headers\Sky.h">
      <Filter>Header Files\SHOE-Headers</Filter>
    </ClInclude>
    <ClInclude Include="Headers\Vertex.h">
      <Filter>Header Files\SHOE-Headers</Filter>
    </ClInclude>
    <ClInclude Include="IMGUI\Headers\imconfig.h">
      <Filter>Header Files\IMGUI-Headers</Filter>
    </ClInclude>
    <ClInclude Include="IMGUI\Headers\imgui.h">
      <Filter>Header Files\IMGUI-Headers</Filter>
    </ClInclude>
    <ClInclude Include="IMGUI\Headers\imgui_impl_dx11.h">
      <Filter>Header Files\IMGUI-Headers</Filter>
    </ClInclude>
    <ClInclude Include="IMGUI\Headers\imgui_impl_win32.h">
      <Filter>Header Files\IMGUI-Headers</Filter>
    </ClInclude>
    <ClInclude Include="IMGUI\Headers\imgui_internal.h">
      <Filter>Header Files\IMGUI-Headers</Filter>
    </ClInclude>
    <ClInclude Include="IMGUI\Headers\imstb_rectpack.h">
      <Filter>Header Files\IMGUI-Headers</Filter>
    </ClInclude>
    <ClInclude Include="IMGUI\Headers\imstb_textedit.h">
      <Filter>Header Files\IMGUI-Headers</Filter>
    </ClInclude>
    <ClInclude Include="IMGUI\Headers\imstb_truetype.h">
      <Filter>Header Files\IMGUI-Headers</Filter>
    </ClInclude>
    <ClInclude Include="Headers\AudioHandler.h">
      <Filter>Header Files\SHOE-Headers</Filter>
    </ClInclude>
    <ClInclude Include="Headers\Keybind.h">
      <Filter>Header Files\SHOE-Headers</Filter>
    </ClInclude>
    <ClInclude Include="Headers\CollisionManager.h">
      <Filter>Header Files\SHOE-Headers</Filter>
    </ClInclude>
    <ClInclude Include="Headers\ComponentManager.h">
      <Filter>Header Files\SHOE-Headers\Components</Filter>
    </ClInclude>
    <ClInclude Include="Headers\ComponentPool.h">
      <Filter>Header Files\SHOE-Headers\Components</Filter>
    </ClInclude>
    <ClInclude Include="Headers\Transform.h">
      <Filter>Header Files\SHOE-Headers\Components</Filter>
    </ClInclude>
    <ClInclude Include="Headers\IComponent.h">
      <Filter>Header Files\SHOE-Headers\Components</Filter>
    </ClInclude>
    <ClInclude Include="Headers\MeshRenderer.h">
      <Filter>Header Files\SHOE-Headers\Components</Filter>
    </ClInclude>
    <ClInclude Include="Headers\ParticleSystem.h">
      <Filter>Header Files\SHOE-Headers\Components</Filter>
    </ClInclude>
    <ClInclude Include="Headers\Terrain.h">
      <Filter>Header Files\SHOE-Headers\Components</Filter>
    </ClInclude>
    <ClInclude Include="Headers\Collider.h">
      <Filter>Header Files\SHOE-Headers\Components</Filter>
    </ClInclude>
    <ClInclude Include="Headers\Light.h">
      <Filter>Header Files\SHOE-Headers\Components</Filter>
    </ClInclude>
    <ClInclude Include="Headers\Time.h">
      <Filter>Header Files\SHOE-Headers</Filter>
    </ClInclude>
    <ClInclude Include="Headers\InputAxis.h">
      <Filter>Header Files\SHOE-Headers</Filter>
    </ClInclude>
    <ClInclude Include="Headers\NoclipMovement.h">
      <Filter>Header Files\SHOE-Headers\Components</Filter>
    </ClInclude>
    <ClInclude Include="Headers\FlashlightController.h">
      <Filter>Header Files\SHOE-Headers\Components</Filter>
    </ClInclude>
    <ClInclude Include="Headers\ShadowProjector.h">
      <Filter>Header Files\SHOE-Headers\Components</Filter>
    </ClInclude>
    <ClInclude Include="Headers\Camera.h">
      <Filter>Header Files\SHOE-Headers\Components</Filter>
    </ClInclude>
    <ClInclude Include="Headers\SceneManager.h">
      <Filter>Header Files\SHOE-Headers</Filter>
    </ClInclude>
    <ClInclude Include="Headers\EngineState.h">
      <Filter>Header Files\SHOE-Headers</Filter>
    </ClInclude>
    <ClInclude Include="Headers\Texture.h">
      <Filter>Header Files\SHOE-Headers</Filter>
    </ClInclude>
    <ClInclude Include="Headers\EditingUI.h">
      <Filter>Header Files\SHOE-Headers</Filter>
    </ClInclude>
    <ClInclude Include="Headers\AudioEventPacket.h">
      <Filter>Header Files\SHOE-Headers</Filter>
    </ClInclude>
    <ClInclude Include="Headers\Timeframe.h">
      <Filter>Header Files\SHOE-Headers</Filter>
    </ClInclude>
  </ItemGroup>
  <ItemGroup>
    <FxCompile Include="Shaders\PixelShaders\IBLBrdfLookUpTablePS.hlsl">
      <Filter>Shaders\PixelShaders</Filter>
    </FxCompile>
    <FxCompile Include="Shaders\PixelShaders\IBLIrradianceMapPS.hlsl">
      <Filter>Shaders\PixelShaders</Filter>
    </FxCompile>
    <FxCompile Include="Shaders\PixelShaders\IBLSpecularConvolutionPS.hlsl">
      <Filter>Shaders\PixelShaders</Filter>
    </FxCompile>
    <FxCompile Include="Shaders\PixelShaders\PixelShader.hlsl">
      <Filter>Shaders\PixelShaders</Filter>
    </FxCompile>
    <FxCompile Include="Shaders\PixelShaders\PSAmbientOcclusion.hlsl">
      <Filter>Shaders\PixelShaders</Filter>
    </FxCompile>
    <FxCompile Include="Shaders\PixelShaders\PSNormalMap.hlsl">
      <Filter>Shaders\PixelShaders</Filter>
    </FxCompile>
    <FxCompile Include="Shaders\PixelShaders\PSOcclusionBlur.hlsl">
      <Filter>Shaders\PixelShaders</Filter>
    </FxCompile>
    <FxCompile Include="Shaders\PixelShaders\PSOcclusionCombine.hlsl">
      <Filter>Shaders\PixelShaders</Filter>
    </FxCompile>
    <FxCompile Include="Shaders\PixelShaders\PSSkybox.hlsl">
      <Filter>Shaders\PixelShaders</Filter>
    </FxCompile>
    <FxCompile Include="Shaders\PixelShaders\PSSolidColor.hlsl">
      <Filter>Shaders\PixelShaders</Filter>
    </FxCompile>
    <FxCompile Include="Shaders\PixelShaders\PSTerrainBlend.hlsl">
      <Filter>Shaders\PixelShaders</Filter>
    </FxCompile>
    <FxCompile Include="Shaders\VertexShaders\FullscreenVS.hlsl">
      <Filter>Shaders\VertexShaders</Filter>
    </FxCompile>
    <FxCompile Include="Shaders\VertexShaders\VertexShader.hlsl">
      <Filter>Shaders\VertexShaders</Filter>
    </FxCompile>
    <FxCompile Include="Shaders\VertexShaders\VSNormalMap.hlsl">
      <Filter>Shaders\VertexShaders</Filter>
    </FxCompile>
    <FxCompile Include="Shaders\VertexShaders\VSReflective.hlsl">
      <Filter>Shaders\VertexShaders</Filter>
    </FxCompile>
    <FxCompile Include="Shaders\VertexShaders\VSShadowMap.hlsl">
      <Filter>Shaders\VertexShaders</Filter>
    </FxCompile>
    <FxCompile Include="Shaders\VertexShaders\VSSkybox.hlsl">
      <Filter>Shaders\VertexShaders</Filter>
    </FxCompile>
    <FxCompile Include="Shaders\VertexShaders\VSTerrainBlend.hlsl">
      <Filter>Shaders\VertexShaders</Filter>
    </FxCompile>
    <FxCompile Include="Shaders\PixelShaders\PSParticles.hlsl">
      <Filter>Shaders\PixelShaders</Filter>
    </FxCompile>
    <FxCompile Include="Shaders\VertexShaders\VSParticles.hlsl">
      <Filter>Shaders\VertexShaders</Filter>
    </FxCompile>
    <FxCompile Include="Shaders\ComputeShaders\CSParticleFlow.hlsl">
      <Filter>Shaders\ComputeShaders</Filter>
    </FxCompile>
    <FxCompile Include="Shaders\ComputeShaders\CSCopyDrawCount.hlsl">
      <Filter>Shaders\ComputeShaders</Filter>
    </FxCompile>
    <FxCompile Include="Shaders\ComputeShaders\CSParticleEmit.hlsl">
      <Filter>Shaders\ComputeShaders</Filter>
    </FxCompile>
    <FxCompile Include="Shaders\ComputeShaders\CSInitDeadList.hlsl">
      <Filter>Shaders\ComputeShaders</Filter>
    </FxCompile>
    <FxCompile Include="Shaders\PixelShaders\PSTextureSample.hlsl">
      <Filter>Shaders\PixelShaders</Filter>
    </FxCompile>
    <FxCompile Include="Shaders\PixelShaders\PSRefractive.hlsl">
      <Filter>Shaders\PixelShaders</Filter>
    </FxCompile>
    <FxCompile Include="Shaders\PixelShaders\PSSilhouette.hlsl">
      <Filter>Shaders\PixelShaders</Filter>
    </FxCompile>
  </ItemGroup>
  <ItemGroup>
    <ClCompile Include="IMGUI\Source\imgui.cpp">
      <Filter>Source Files\IMGUI-Source</Filter>
    </ClCompile>
    <ClCompile Include="IMGUI\Source\imgui_demo.cpp">
      <Filter>Source Files\IMGUI-Source</Filter>
    </ClCompile>
    <ClCompile Include="IMGUI\Source\imgui_draw.cpp">
      <Filter>Source Files\IMGUI-Source</Filter>
    </ClCompile>
    <ClCompile Include="IMGUI\Source\imgui_impl_dx11.cpp">
      <Filter>Source Files\IMGUI-Source</Filter>
    </ClCompile>
    <ClCompile Include="IMGUI\Source\imgui_impl_win32.cpp">
      <Filter>Source Files\IMGUI-Source</Filter>
    </ClCompile>
    <ClCompile Include="IMGUI\Source\imgui_tables.cpp">
      <Filter>Source Files\IMGUI-Source</Filter>
    </ClCompile>
    <ClCompile Include="IMGUI\Source\imgui_widgets.cpp">
      <Filter>Source Files\IMGUI-Source</Filter>
    </ClCompile>
    <ClCompile Include="Source\AssetManager.cpp">
      <Filter>Source Files\SHOE-Source</Filter>
    </ClCompile>
    <ClCompile Include="Source\DXCore.cpp">
      <Filter>Source Files\SHOE-Source</Filter>
    </ClCompile>
    <ClCompile Include="Source\Game.cpp">
      <Filter>Source Files\SHOE-Source</Filter>
    </ClCompile>
    <ClCompile Include="Source\GameEntity.cpp">
      <Filter>Source Files\SHOE-Source</Filter>
    </ClCompile>
    <ClCompile Include="Source\Input.cpp">
      <Filter>Source Files\SHOE-Source</Filter>
    </ClCompile>
    <ClCompile Include="Source\Main.cpp">
      <Filter>Source Files\SHOE-Source</Filter>
    </ClCompile>
    <ClCompile Include="Source\Material.cpp">
      <Filter>Source Files\SHOE-Source</Filter>
    </ClCompile>
    <ClCompile Include="Source\Mesh.cpp">
      <Filter>Source Files\SHOE-Source</Filter>
    </ClCompile>
    <ClCompile Include="Source\Renderer.cpp">
      <Filter>Source Files\SHOE-Source</Filter>
    </ClCompile>
    <ClCompile Include="Source\SimpleShader.cpp">
      <Filter>Source Files\SHOE-Source</Filter>
    </ClCompile>
    <ClCompile Include="Source\Sky.cpp">
      <Filter>Source Files\SHOE-Source</Filter>
    </ClCompile>
    <ClCompile Include="Source\AudioHandler.cpp">
      <Filter>Source Files\SHOE-Source</Filter>
    </ClCompile>
    <ClCompile Include="Source\Keybind.cpp">
      <Filter>Source Files\SHOE-Source</Filter>
    </ClCompile>
    <ClCompile Include="Source\IComponent.cpp">
      <Filter>Source Files\SHOE-Source\Components</Filter>
    </ClCompile>
    <ClCompile Include="Source\Transform.cpp">
      <Filter>Source Files\SHOE-Source\Components</Filter>
    </ClCompile>
    <ClCompile Include="Source\MeshRenderer.cpp">
      <Filter>Source Files\SHOE-Source\Components</Filter>
    </ClCompile>
    <ClCompile Include="Source\ParticleSystem.cpp">
      <Filter>Source Files\SHOE-Source\Components</Filter>
    </ClCompile>
    <ClCompile Include="Source\ComponentPool.cpp">
      <Filter>Source Files\SHOE-Source\Components</Filter>
    </ClCompile>
    <ClCompile Include="Source\CollisionManager.cpp">
      <Filter>Source Files\SHOE-Source</Filter>
    </ClCompile>
    <ClCompile Include="Source\Light.cpp">
      <Filter>Source Files\SHOE-Source\Components</Filter>
    </ClCompile>
    <ClCompile Include="Source\Collider.cpp">
      <Filter>Source Files\SHOE-Source\Components</Filter>
    </ClCompile>
    <ClCompile Include="Source\Terrain.cpp">
      <Filter>Source Files\SHOE-Source\Components</Filter>
    </ClCompile>
    <ClCompile Include="Source\Time.cpp">
      <Filter>Source Files\SHOE-Source</Filter>
    </ClCompile>
    <ClCompile Include="Source\InputAxis.cpp">
      <Filter>Source Files\SHOE-Source</Filter>
    </ClCompile>
    <ClCompile Include="Source\NoclipMovement.cpp">
      <Filter>Source Files\SHOE-Source\Components</Filter>
    </ClCompile>
    <ClCompile Include="Source\FlashlightController.cpp">
      <Filter>Source Files\SHOE-Source\Components</Filter>
    </ClCompile>
    <ClCompile Include="Source\ShadowProjector.cpp">
      <Filter>Source Files\SHOE-Source\Components</Filter>
    </ClCompile>
    <ClCompile Include="Source\Camera.cpp">
      <Filter>Source Files\SHOE-Source\Components</Filter>
    </ClCompile>
    <ClCompile Include="Source\SceneManager.cpp">
      <Filter>Source Files\SHOE-Source</Filter>
    </ClCompile>
    <ClCompile Include="Source\Texture.cpp">
      <Filter>Source Files\SHOE-Source</Filter>
    </ClCompile>
    <ClCompile Include="Source\EditingUI.cpp">
      <Filter>Source Files\SHOE-Source</Filter>
    </ClCompile>
    <ClCompile Include="Source\AudioEventPacket.cpp">
      <Filter>Source Files\SHOE-Source</Filter>
    </ClCompile>
    <ClCompile Include="Source\Timeframe.cpp">
      <Filter>Source Files\SHOE-Source</Filter>
    </ClCompile>
  </ItemGroup>
  <ItemGroup>
    <None Include="packages.config" />
    <None Include="Shaders\ShaderHeaders\ShaderShared.hlsli">
      <Filter>Shaders\ShaderHeaders</Filter>
    </None>
  </ItemGroup>
</Project>