
Microsoft Visual Studio Solution File, Format Version 12.00
# Visual Studio Version 17
VisualStudioVersion = 17.8.34525.116
MinimumVisualStudioVersion = 10.0.40219.1
Project("{8BC9CEB8-8B4A-11D0-8D11-00A0C91BC942}") = "SHOE", "DX11Starter.vcxproj", "{7B07137C-8E03-4F0C-BEDA-4C9915CD667C}"
EndProject
Project("{FAE04EC0-301F-11D3-BF4B-00C04F79EFBC}") = "SHOELauncher", "..\SHOELauncher\SHOELauncher.csproj", "{F1E42088-78E9-49F3-BA69-C9BFEAE2C153}"
EndProject
Global
	GlobalSection(SolutionConfigurationPlatforms) = preSolution
		Debug|Any CPU = Debug|Any CPU
		Debug|x64 = Debug|x64
		Debug|x86 = Debug|x86
		Release|Any CPU = Release|Any CPU
		Release|x64 = Release|x64
		Release|x86 = Release|x86
	EndGlobalSection
	GlobalSection(ProjectConfigurationPlatforms) = postSolution
		{7B07137C-8E03-4F0C-BEDA-4C9915CD667C}.Debug|Any CPU.ActiveCfg = Debug|x64
		{7B07137C-8E03-4F0C-BEDA-4C9915CD667C}.Debug|Any CPU.Build.0 = Debug|x64
		{7B07137C-8E03-4F0C-BEDA-4C9915CD667C}.Debug|x64.ActiveCfg = Debug|x64
		{7B07137C-8E03-4F0C-BEDA-4C9915CD667C}.Debug|x64.Build.0 = Debug|x64
		{7B07137C-8E03-4F0C-BEDA-4C9915CD667C}.Debug|x86.ActiveCfg = Debug|Win32
		{7B07137C-8E03-4F0C-BEDA-4C9915CD667C}.Debug|x86.Build.0 = Debug|Win32
		{7B07137C-8E03-4F0C-BEDA-4C9915CD667C}.Release|Any CPU.ActiveCfg = Release|x64
		{7B07137C-8E03-4F0C-BEDA-4C9915CD667C}.Release|Any CPU.Build.0 = Release|x64
		{7B07137C-8E03-4F0C-BEDA-4C9915CD667C}.Release|x64.ActiveCfg = Release|x64
		{7B07137C-8E03-4F0C-BEDA-4C9915CD667C}.Release|x64.Build.0 = Release|x64
		{7B07137C-8E03-4F0C-BEDA-4C9915CD667C}.Release|x86.ActiveCfg = Release|Win32
		{7B07137C-8E03-4F0C-BEDA-4C9915CD667C}.Release|x86.Build.0 = Release|Win32
		{F1E42088-78E9-49F3-BA69-C9BFEAE2C153}.Debug|Any CPU.ActiveCfg = Debug|Any CPU
		{F1E42088-78E9-49F3-BA69-C9BFEAE2C153}.Debug|Any CPU.Build.0 = Debug|Any CPU
		{F1E42088-78E9-49F3-BA69-C9BFEAE2C153}.Debug|x64.ActiveCfg = Debug|Any CPU
		{F1E42088-78E9-49F3-BA69-C9BFEAE2C153}.Debug|x64.Build.0 = Debug|Any CPU
		{F1E42088-78E9-49F3-BA69-C9BFEAE2C153}.Debug|x86.ActiveCfg = Debug|Any CPU
		{F1E42088-78E9-49F3-BA69-C9BFEAE2C153}.Debug|x86.Build.0 = Debug|Any CPU
		{F1E42088-78E9-49F3-BA69-C9BFEAE2C153}.Release|Any CPU.ActiveCfg = Release|Any CPU
		{F1E42088-78E9-49F3-BA69-C9BFEAE2C153}.Release|Any CPU.Build.0 = Release|Any CPU
		{F1E42088-78E9-49F3-BA69-C9BFEAE2C153}.Release|x64.ActiveCfg = Release|Any CPU
		{F1E42088-78E9-49F3-BA69-C9BFEAE2C153}.Release|x64.Build.0 = Release|Any CPU
		{F1E42088-78E9-49F3-BA69-C9BFEAE2C153}.Release|x86.ActiveCfg = Release|Any CPU
		{F1E42088-78E9-49F3-BA69-C9BFEAE2C153}.Release|x86.Build.0 = Release|Any CPU
	EndGlobalSection
	GlobalSection(SolutionProperties) = preSolution
		HideSolutionNode = FALSE
	EndGlobalSection
	GlobalSection(ExtensibilityGlobals) = postSolution
		SolutionGuid = {0783F28E-8634-436C-B05A-98F92CB21105}
	EndGlobalSection
EndGlobal
