
Microsoft Visual Studio Solution File, Format Version 11.00
# Visual Studio Version 16
Project("{8BC9CEB8-8B4A-11D0-8D11-00A0C91BC942}") = "3d", "3d.vcxproj", "{87929F1B-4FFA-46AF-8AD8-EA5D356AFFD1}"
EndProject
Project("{8BC9CEB8-8B4A-11D0-8D11-00A0C91BC942}") = "3d_multi", "3d_multi.vcxproj", "{70DEE7D3-3199-498D-AF04-0AC9055FA15E}"
EndProject
Project("{8BC9CEB8-8B4A-11D0-8D11-00A0C91BC942}") = "event_parameter", "event_parameter.vcxproj", "{C9A8592A-4FC1-4EB7-835F-7EB172A40086}"
EndProject
Project("{8BC9CEB8-8B4A-11D0-8D11-00A0C91BC942}") = "load_banks", "load_banks.vcxproj", "{15B817A4-5B12-4542-831A-7447C753DF68}"
EndProject
Project("{8BC9CEB8-8B4A-11D0-8D11-00A0C91BC942}") = "music_callbacks", "music_callbacks.vcxproj", "{BD7896A1-E05D-44E5-B5DD-9D95CA5C2CA2}"
EndProject
Project("{8BC9CEB8-8B4A-11D0-8D11-00A0C91BC942}") = "objectpan", "objectpan.vcxproj", "{E81BBB67-280A-45E3-AF8B-5DA3A12D9993}"
EndProject
Project("{8BC9CEB8-8B4A-11D0-8D11-00A0C91BC942}") = "programmer_sound", "programmer_sound.vcxproj", "{4935C6F0-0F2C-4A18-B50D-765B17E4F75E}"
EndProject
Project("{8BC9CEB8-8B4A-11D0-8D11-00A0C91BC942}") = "recording_playback", "recording_playback.vcxproj", "{E39545BA-A96E-4C7B-BCFB-5C5DB4063D7D}"
EndProject
Project("{8BC9CEB8-8B4A-11D0-8D11-00A0C91BC942}") = "simple_event", "simple_event.vcxproj", "{1C29EDA2-7788-4C04-B261-97CA1FE0C630}"
EndProject
Global
	GlobalSection(SolutionConfigurationPlatforms) = preSolution
		Debug|Win32 = Debug|Win32
		Debug|x64 = Debug|x64
		Release|Win32 = Release|Win32
		Release|x64 = Release|x64
	EndGlobalSection
	GlobalSection(ProjectConfigurationPlatforms) = postSolution
		{87929F1B-4FFA-46AF-8AD8-EA5D356AFFD1}.Debug|Win32.ActiveCfg = Debug|Win32
		{87929F1B-4FFA-46AF-8AD8-EA5D356AFFD1}.Debug|Win32.Build.0 = Debug|Win32
		{87929F1B-4FFA-46AF-8AD8-EA5D356AFFD1}.Debug|Win32.Deploy.0 = Debug|Win32
		{87929F1B-4FFA-46AF-8AD8-EA5D356AFFD1}.Debug|x64.ActiveCfg = Debug|x64
		{87929F1B-4FFA-46AF-8AD8-EA5D356AFFD1}.Debug|x64.Build.0 = Debug|x64
		{87929F1B-4FFA-46AF-8AD8-EA5D356AFFD1}.Debug|x64.Deploy.0 = Debug|x64
		{87929F1B-4FFA-46AF-8AD8-EA5D356AFFD1}.Release|Win32.ActiveCfg = Release|Win32
		{87929F1B-4FFA-46AF-8AD8-EA5D356AFFD1}.Release|Win32.Build.0 = Release|Win32
		{87929F1B-4FFA-46AF-8AD8-EA5D356AFFD1}.Release|Win32.Deploy.0 = Release|Win32
		{87929F1B-4FFA-46AF-8AD8-EA5D356AFFD1}.Release|x64.ActiveCfg = Release|x64
		{87929F1B-4FFA-46AF-8AD8-EA5D356AFFD1}.Release|x64.Build.0 = Release|x64
		{87929F1B-4FFA-46AF-8AD8-EA5D356AFFD1}.Release|x64.Deploy.0 = Release|x64
		{70DEE7D3-3199-498D-AF04-0AC9055FA15E}.Debug|Win32.ActiveCfg = Debug|Win32
		{70DEE7D3-3199-498D-AF04-0AC9055FA15E}.Debug|Win32.Build.0 = Debug|Win32
		{70DEE7D3-3199-498D-AF04-0AC9055FA15E}.Debug|Win32.Deploy.0 = Debug|Win32
		{70DEE7D3-3199-498D-AF04-0AC9055FA15E}.Debug|x64.ActiveCfg = Debug|x64
		{70DEE7D3-3199-498D-AF04-0AC9055FA15E}.Debug|x64.Build.0 = Debug|x64
		{70DEE7D3-3199-498D-AF04-0AC9055FA15E}.Debug|x64.Deploy.0 = Debug|x64
		{70DEE7D3-3199-498D-AF04-0AC9055FA15E}.Release|Win32.ActiveCfg = Release|Win32
		{70DEE7D3-3199-498D-AF04-0AC9055FA15E}.Release|Win32.Build.0 = Release|Win32
		{70DEE7D3-3199-498D-AF04-0AC9055FA15E}.Release|Win32.Deploy.0 = Release|Win32
		{70DEE7D3-3199-498D-AF04-0AC9055FA15E}.Release|x64.ActiveCfg = Release|x64
		{70DEE7D3-3199-498D-AF04-0AC9055FA15E}.Release|x64.Build.0 = Release|x64
		{70DEE7D3-3199-498D-AF04-0AC9055FA15E}.Release|x64.Deploy.0 = Release|x64
		{C9A8592A-4FC1-4EB7-835F-7EB172A40086}.Debug|Win32.ActiveCfg = Debug|Win32
		{C9A8592A-4FC1-4EB7-835F-7EB172A40086}.Debug|Win32.Build.0 = Debug|Win32
		{C9A8592A-4FC1-4EB7-835F-7EB172A40086}.Debug|Win32.Deploy.0 = Debug|Win32
		{C9A8592A-4FC1-4EB7-835F-7EB172A40086}.Debug|x64.ActiveCfg = Debug|x64
		{C9A8592A-4FC1-4EB7-835F-7EB172A40086}.Debug|x64.Build.0 = Debug|x64
		{C9A8592A-4FC1-4EB7-835F-7EB172A40086}.Debug|x64.Deploy.0 = Debug|x64
		{C9A8592A-4FC1-4EB7-835F-7EB172A40086}.Release|Win32.ActiveCfg = Release|Win32
		{C9A8592A-4FC1-4EB7-835F-7EB172A40086}.Release|Win32.Build.0 = Release|Win32
		{C9A8592A-4FC1-4EB7-835F-7EB172A40086}.Release|Win32.Deploy.0 = Release|Win32
		{C9A8592A-4FC1-4EB7-835F-7EB172A40086}.Release|x64.ActiveCfg = Release|x64
		{C9A8592A-4FC1-4EB7-835F-7EB172A40086}.Release|x64.Build.0 = Release|x64
		{C9A8592A-4FC1-4EB7-835F-7EB172A40086}.Release|x64.Deploy.0 = Release|x64
		{15B817A4-5B12-4542-831A-7447C753DF68}.Debug|Win32.ActiveCfg = Debug|Win32
		{15B817A4-5B12-4542-831A-7447C753DF68}.Debug|Win32.Build.0 = Debug|Win32
		{15B817A4-5B12-4542-831A-7447C753DF68}.Debug|Win32.Deploy.0 = Debug|Win32
		{15B817A4-5B12-4542-831A-7447C753DF68}.Debug|x64.ActiveCfg = Debug|x64
		{15B817A4-5B12-4542-831A-7447C753DF68}.Debug|x64.Build.0 = Debug|x64
		{15B817A4-5B12-4542-831A-7447C753DF68}.Debug|x64.Deploy.0 = Debug|x64
		{15B817A4-5B12-4542-831A-7447C753DF68}.Release|Win32.ActiveCfg = Release|Win32
		{15B817A4-5B12-4542-831A-7447C753DF68}.Release|Win32.Build.0 = Release|Win32
		{15B817A4-5B12-4542-831A-7447C753DF68}.Release|Win32.Deploy.0 = Release|Win32
		{15B817A4-5B12-4542-831A-7447C753DF68}.Release|x64.ActiveCfg = Release|x64
		{15B817A4-5B12-4542-831A-7447C753DF68}.Release|x64.Build.0 = Release|x64
		{15B817A4-5B12-4542-831A-7447C753DF68}.Release|x64.Deploy.0 = Release|x64
		{BD7896A1-E05D-44E5-B5DD-9D95CA5C2CA2}.Debug|Win32.ActiveCfg = Debug|Win32
		{BD7896A1-E05D-44E5-B5DD-9D95CA5C2CA2}.Debug|Win32.Build.0 = Debug|Win32
		{BD7896A1-E05D-44E5-B5DD-9D95CA5C2CA2}.Debug|Win32.Deploy.0 = Debug|Win32
		{BD7896A1-E05D-44E5-B5DD-9D95CA5C2CA2}.Debug|x64.ActiveCfg = Debug|x64
		{BD7896A1-E05D-44E5-B5DD-9D95CA5C2CA2}.Debug|x64.Build.0 = Debug|x64
		{BD7896A1-E05D-44E5-B5DD-9D95CA5C2CA2}.Debug|x64.Deploy.0 = Debug|x64
		{BD7896A1-E05D-44E5-B5DD-9D95CA5C2CA2}.Release|Win32.ActiveCfg = Release|Win32
		{BD7896A1-E05D-44E5-B5DD-9D95CA5C2CA2}.Release|Win32.Build.0 = Release|Win32
		{BD7896A1-E05D-44E5-B5DD-9D95CA5C2CA2}.Release|Win32.Deploy.0 = Release|Win32
		{BD7896A1-E05D-44E5-B5DD-9D95CA5C2CA2}.Release|x64.ActiveCfg = Release|x64
		{BD7896A1-E05D-44E5-B5DD-9D95CA5C2CA2}.Release|x64.Build.0 = Release|x64
		{BD7896A1-E05D-44E5-B5DD-9D95CA5C2CA2}.Release|x64.Deploy.0 = Release|x64
		{E81BBB67-280A-45E3-AF8B-5DA3A12D9993}.Debug|Win32.ActiveCfg = Debug|Win32
		{E81BBB67-280A-45E3-AF8B-5DA3A12D9993}.Debug|Win32.Build.0 = Debug|Win32
		{E81BBB67-280A-45E3-AF8B-5DA3A12D9993}.Debug|Win32.Deploy.0 = Debug|Win32
		{E81BBB67-280A-45E3-AF8B-5DA3A12D9993}.Debug|x64.ActiveCfg = Debug|x64
		{E81BBB67-280A-45E3-AF8B-5DA3A12D9993}.Debug|x64.Build.0 = Debug|x64
		{E81BBB67-280A-45E3-AF8B-5DA3A12D9993}.Debug|x64.Deploy.0 = Debug|x64
		{E81BBB67-280A-45E3-AF8B-5DA3A12D9993}.Release|Win32.ActiveCfg = Release|Win32
		{E81BBB67-280A-45E3-AF8B-5DA3A12D9993}.Release|Win32.Build.0 = Release|Win32
		{E81BBB67-280A-45E3-AF8B-5DA3A12D9993}.Release|Win32.Deploy.0 = Release|Win32
		{E81BBB67-280A-45E3-AF8B-5DA3A12D9993}.Release|x64.ActiveCfg = Release|x64
		{E81BBB67-280A-45E3-AF8B-5DA3A12D9993}.Release|x64.Build.0 = Release|x64
		{E81BBB67-280A-45E3-AF8B-5DA3A12D9993}.Release|x64.Deploy.0 = Release|x64
		{4935C6F0-0F2C-4A18-B50D-765B17E4F75E}.Debug|Win32.ActiveCfg = Debug|Win32
		{4935C6F0-0F2C-4A18-B50D-765B17E4F75E}.Debug|Win32.Build.0 = Debug|Win32
		{4935C6F0-0F2C-4A18-B50D-765B17E4F75E}.Debug|Win32.Deploy.0 = Debug|Win32
		{4935C6F0-0F2C-4A18-B50D-765B17E4F75E}.Debug|x64.ActiveCfg = Debug|x64
		{4935C6F0-0F2C-4A18-B50D-765B17E4F75E}.Debug|x64.Build.0 = Debug|x64
		{4935C6F0-0F2C-4A18-B50D-765B17E4F75E}.Debug|x64.Deploy.0 = Debug|x64
		{4935C6F0-0F2C-4A18-B50D-765B17E4F75E}.Release|Win32.ActiveCfg = Release|Win32
		{4935C6F0-0F2C-4A18-B50D-765B17E4F75E}.Release|Win32.Build.0 = Release|Win32
		{4935C6F0-0F2C-4A18-B50D-765B17E4F75E}.Release|Win32.Deploy.0 = Release|Win32
		{4935C6F0-0F2C-4A18-B50D-765B17E4F75E}.Release|x64.ActiveCfg = Release|x64
		{4935C6F0-0F2C-4A18-B50D-765B17E4F75E}.Release|x64.Build.0 = Release|x64
		{4935C6F0-0F2C-4A18-B50D-765B17E4F75E}.Release|x64.Deploy.0 = Release|x64
		{E39545BA-A96E-4C7B-BCFB-5C5DB4063D7D}.Debug|Win32.ActiveCfg = Debug|Win32
		{E39545BA-A96E-4C7B-BCFB-5C5DB4063D7D}.Debug|Win32.Build.0 = Debug|Win32
		{E39545BA-A96E-4C7B-BCFB-5C5DB4063D7D}.Debug|Win32.Deploy.0 = Debug|Win32
		{E39545BA-A96E-4C7B-BCFB-5C5DB4063D7D}.Debug|x64.ActiveCfg = Debug|x64
		{E39545BA-A96E-4C7B-BCFB-5C5DB4063D7D}.Debug|x64.Build.0 = Debug|x64
		{E39545BA-A96E-4C7B-BCFB-5C5DB4063D7D}.Debug|x64.Deploy.0 = Debug|x64
		{E39545BA-A96E-4C7B-BCFB-5C5DB4063D7D}.Release|Win32.ActiveCfg = Release|Win32
		{E39545BA-A96E-4C7B-BCFB-5C5DB4063D7D}.Release|Win32.Build.0 = Release|Win32
		{E39545BA-A96E-4C7B-BCFB-5C5DB4063D7D}.Release|Win32.Deploy.0 = Release|Win32
		{E39545BA-A96E-4C7B-BCFB-5C5DB4063D7D}.Release|x64.ActiveCfg = Release|x64
		{E39545BA-A96E-4C7B-BCFB-5C5DB4063D7D}.Release|x64.Build.0 = Release|x64
		{E39545BA-A96E-4C7B-BCFB-5C5DB4063D7D}.Release|x64.Deploy.0 = Release|x64
		{1C29EDA2-7788-4C04-B261-97CA1FE0C630}.Debug|Win32.ActiveCfg = Debug|Win32
		{1C29EDA2-7788-4C04-B261-97CA1FE0C630}.Debug|Win32.Build.0 = Debug|Win32
		{1C29EDA2-7788-4C04-B261-97CA1FE0C630}.Debug|Win32.Deploy.0 = Debug|Win32
		{1C29EDA2-7788-4C04-B261-97CA1FE0C630}.Debug|x64.ActiveCfg = Debug|x64
		{1C29EDA2-7788-4C04-B261-97CA1FE0C630}.Debug|x64.Build.0 = Debug|x64
		{1C29EDA2-7788-4C04-B261-97CA1FE0C630}.Debug|x64.Deploy.0 = Debug|x64
		{1C29EDA2-7788-4C04-B261-97CA1FE0C630}.Release|Win32.ActiveCfg = Release|Win32
		{1C29EDA2-7788-4C04-B261-97CA1FE0C630}.Release|Win32.Build.0 = Release|Win32
		{1C29EDA2-7788-4C04-B261-97CA1FE0C630}.Release|Win32.Deploy.0 = Release|Win32
		{1C29EDA2-7788-4C04-B261-97CA1FE0C630}.Release|x64.ActiveCfg = Release|x64
		{1C29EDA2-7788-4C04-B261-97CA1FE0C630}.Release|x64.Build.0 = Release|x64
		{1C29EDA2-7788-4C04-B261-97CA1FE0C630}.Release|x64.Deploy.0 = Release|x64
	EndGlobalSection
	GlobalSection(SolutionProperties) = preSolution
		HideSolutionNode = FALSE
	EndGlobalSection
EndGlobal
