
Microsoft Visual Studio Solution File, Format Version 11.00
# Visual Studio 15
Project("{8BC9CEB8-8B4A-11D0-8D11-00A0C91BC942}") = "3d", "3d.vcxproj", "{91B4FF75-4007-4181-B7A4-66922075A904}"
EndProject
Project("{8BC9CEB8-8B4A-11D0-8D11-00A0C91BC942}") = "asyncio", "asyncio.vcxproj", "{6FA36D53-2BA5-4863-909C-8D67E5573E5F}"
EndProject
Project("{8BC9CEB8-8B4A-11D0-8D11-00A0C91BC942}") = "channel_groups", "channel_groups.vcxproj", "{FCB677F0-0FDC-4BA8-B487-B06081FC6E52}"
EndProject
Project("{8BC9CEB8-8B4A-11D0-8D11-00A0C91BC942}") = "convolution_reverb", "convolution_reverb.vcxproj", "{443B527B-B561-4274-8FB4-E20BF5BA966D}"
EndProject
Project("{8BC9CEB8-8B4A-11D0-8D11-00A0C91BC942}") = "dsp_custom", "dsp_custom.vcxproj", "{996507D6-3A05-42EC-9762-79D3D3A7FE05}"
EndProject
Project("{8BC9CEB8-8B4A-11D0-8D11-00A0C91BC942}") = "dsp_effect_per_speaker", "dsp_effect_per_speaker.vcxproj", "{B07B5D4D-15B8-4059-892A-B2A42B931CE6}"
EndProject
Project("{8BC9CEB8-8B4A-11D0-8D11-00A0C91BC942}") = "dsp_inspector", "dsp_inspector.vcxproj", "{84650E6A-B4B2-4F3E-AEE1-40209BB24D63}"
EndProject
Project("{8BC9CEB8-8B4A-11D0-8D11-00A0C91BC942}") = "effects", "effects.vcxproj", "{1930DB56-029A-441B-AE19-11D60720D750}"
EndProject
Project("{8BC9CEB8-8B4A-11D0-8D11-00A0C91BC942}") = "gapless_playback", "gapless_playback.vcxproj", "{35B041F1-E218-47B1-AA73-F6727921C211}"
EndProject
Project("{8BC9CEB8-8B4A-11D0-8D11-00A0C91BC942}") = "generate_tone", "generate_tone.vcxproj", "{0CB8C7C9-8D25-43B5-9E20-A15DD18BE7B4}"
EndProject
Project("{8BC9CEB8-8B4A-11D0-8D11-00A0C91BC942}") = "granular_synth", "granular_synth.vcxproj", "{61CF7F49-6523-4717-ACB1-A4AB5C3F92E4}"
EndProject
Project("{8BC9CEB8-8B4A-11D0-8D11-00A0C91BC942}") = "load_from_memory", "load_from_memory.vcxproj", "{0486B187-0B81-4EC2-A91C-270827B34702}"
EndProject
Project("{8BC9CEB8-8B4A-11D0-8D11-00A0C91BC942}") = "multiple_speaker", "multiple_speaker.vcxproj", "{C16CC1DE-D414-4440-8973-8DCD3FA6DE71}"
EndProject
Project("{8BC9CEB8-8B4A-11D0-8D11-00A0C91BC942}") = "multiple_system", "multiple_system.vcxproj", "{97DDF67A-5CB2-45B6-B910-E16E47BEE99A}"
EndProject
Project("{8BC9CEB8-8B4A-11D0-8D11-00A0C91BC942}") = "net_stream", "net_stream.vcxproj", "{0CA60F2A-0D8A-4E4E-A97F-3DAE1C1A2463}"
EndProject
Project("{8BC9CEB8-8B4A-11D0-8D11-00A0C91BC942}") = "play_sound", "play_sound.vcxproj", "{09E16A10-E23A-443C-990E-28F98434EDB5}"
EndProject
Project("{8BC9CEB8-8B4A-11D0-8D11-00A0C91BC942}") = "play_stream", "play_stream.vcxproj", "{59943364-3E0F-4C3B-ACEF-C0E7C354289E}"
EndProject
Project("{8BC9CEB8-8B4A-11D0-8D11-00A0C91BC942}") = "record", "record.vcxproj", "{227A8180-1071-4CF4-98DF-5DBB6F16CA42}"
EndProject
Project("{8BC9CEB8-8B4A-11D0-8D11-00A0C91BC942}") = "record_enumeration", "record_enumeration.vcxproj", "{89F90093-1E94-4622-B363-057D8E151DB4}"
EndProject
Project("{8BC9CEB8-8B4A-11D0-8D11-00A0C91BC942}") = "user_created_sound", "user_created_sound.vcxproj", "{CB22DB94-4978-4D1A-B313-DFEDC441FA36}"
EndProject
Project("{8BC9CEB8-8B4A-11D0-8D11-00A0C91BC942}") = "fmod_codec_raw", "fmod_codec_raw.vcxproj", "{2C24D7B6-D883-4030-91FC-3E6A5E469836}"
EndProject
Project("{8BC9CEB8-8B4A-11D0-8D11-00A0C91BC942}") = "fmod_distance_filter", "fmod_distance_filter.vcxproj", "{D0181869-2910-4F5A-8450-8565D4F4FB21}"
EndProject
Project("{8BC9CEB8-8B4A-11D0-8D11-00A0C91BC942}") = "fmod_gain", "fmod_gain.vcxproj", "{1615CC07-C128-462D-957C-8D1D565999D9}"
EndProject
Project("{8BC9CEB8-8B4A-11D0-8D11-00A0C91BC942}") = "fmod_noise", "fmod_noise.vcxproj", "{3CCC87B4-741C-4755-AA06-FBA56AA66D54}"
EndProject
Project("{8BC9CEB8-8B4A-11D0-8D11-00A0C91BC942}") = "output_mp3", "output_mp3.vcxproj", "{6773B072-9387-44CE-9BEC-92F908DBC482}"
EndProject
Global
	GlobalSection(SolutionConfigurationPlatforms) = preSolution
		Debug|Win32 = Debug|Win32
		Debug|x64 = Debug|x64
		Release|Win32 = Release|Win32
		Release|x64 = Release|x64
	EndGlobalSection
	GlobalSection(ProjectConfigurationPlatforms) = postSolution
		{91B4FF75-4007-4181-B7A4-66922075A904}.Debug|Win32.ActiveCfg = Debug|Win32
		{91B4FF75-4007-4181-B7A4-66922075A904}.Debug|Win32.Build.0 = Debug|Win32
		{91B4FF75-4007-4181-B7A4-66922075A904}.Debug|Win32.Deploy.0 = Debug|Win32
		{91B4FF75-4007-4181-B7A4-66922075A904}.Debug|x64.ActiveCfg = Debug|x64
		{91B4FF75-4007-4181-B7A4-66922075A904}.Debug|x64.Build.0 = Debug|x64
		{91B4FF75-4007-4181-B7A4-66922075A904}.Debug|x64.Deploy.0 = Debug|x64
		{91B4FF75-4007-4181-B7A4-66922075A904}.Release|Win32.ActiveCfg = Release|Win32
		{91B4FF75-4007-4181-B7A4-66922075A904}.Release|Win32.Build.0 = Release|Win32
		{91B4FF75-4007-4181-B7A4-66922075A904}.Release|Win32.Deploy.0 = Release|Win32
		{91B4FF75-4007-4181-B7A4-66922075A904}.Release|x64.ActiveCfg = Release|x64
		{91B4FF75-4007-4181-B7A4-66922075A904}.Release|x64.Build.0 = Release|x64
		{91B4FF75-4007-4181-B7A4-66922075A904}.Release|x64.Deploy.0 = Release|x64
		{6FA36D53-2BA5-4863-909C-8D67E5573E5F}.Debug|Win32.ActiveCfg = Debug|Win32
		{6FA36D53-2BA5-4863-909C-8D67E5573E5F}.Debug|Win32.Build.0 = Debug|Win32
		{6FA36D53-2BA5-4863-909C-8D67E5573E5F}.Debug|Win32.Deploy.0 = Debug|Win32
		{6FA36D53-2BA5-4863-909C-8D67E5573E5F}.Debug|x64.ActiveCfg = Debug|x64
		{6FA36D53-2BA5-4863-909C-8D67E5573E5F}.Debug|x64.Build.0 = Debug|x64
		{6FA36D53-2BA5-4863-909C-8D67E5573E5F}.Debug|x64.Deploy.0 = Debug|x64
		{6FA36D53-2BA5-4863-909C-8D67E5573E5F}.Release|Win32.ActiveCfg = Release|Win32
		{6FA36D53-2BA5-4863-909C-8D67E5573E5F}.Release|Win32.Build.0 = Release|Win32
		{6FA36D53-2BA5-4863-909C-8D67E5573E5F}.Release|Win32.Deploy.0 = Release|Win32
		{6FA36D53-2BA5-4863-909C-8D67E5573E5F}.Release|x64.ActiveCfg = Release|x64
		{6FA36D53-2BA5-4863-909C-8D67E5573E5F}.Release|x64.Build.0 = Release|x64
		{6FA36D53-2BA5-4863-909C-8D67E5573E5F}.Release|x64.Deploy.0 = Release|x64
		{FCB677F0-0FDC-4BA8-B487-B06081FC6E52}.Debug|Win32.ActiveCfg = Debug|Win32
		{FCB677F0-0FDC-4BA8-B487-B06081FC6E52}.Debug|Win32.Build.0 = Debug|Win32
		{FCB677F0-0FDC-4BA8-B487-B06081FC6E52}.Debug|Win32.Deploy.0 = Debug|Win32
		{FCB677F0-0FDC-4BA8-B487-B06081FC6E52}.Debug|x64.ActiveCfg = Debug|x64
		{FCB677F0-0FDC-4BA8-B487-B06081FC6E52}.Debug|x64.Build.0 = Debug|x64
		{FCB677F0-0FDC-4BA8-B487-B06081FC6E52}.Debug|x64.Deploy.0 = Debug|x64
		{FCB677F0-0FDC-4BA8-B487-B06081FC6E52}.Release|Win32.ActiveCfg = Release|Win32
		{FCB677F0-0FDC-4BA8-B487-B06081FC6E52}.Release|Win32.Build.0 = Release|Win32
		{FCB677F0-0FDC-4BA8-B487-B06081FC6E52}.Release|Win32.Deploy.0 = Release|Win32
		{FCB677F0-0FDC-4BA8-B487-B06081FC6E52}.Release|x64.ActiveCfg = Release|x64
		{FCB677F0-0FDC-4BA8-B487-B06081FC6E52}.Release|x64.Build.0 = Release|x64
		{FCB677F0-0FDC-4BA8-B487-B06081FC6E52}.Release|x64.Deploy.0 = Release|x64
		{443B527B-B561-4274-8FB4-E20BF5BA966D}.Debug|Win32.ActiveCfg = Debug|Win32
		{443B527B-B561-4274-8FB4-E20BF5BA966D}.Debug|Win32.Build.0 = Debug|Win32
		{443B527B-B561-4274-8FB4-E20BF5BA966D}.Debug|Win32.Deploy.0 = Debug|Win32
		{443B527B-B561-4274-8FB4-E20BF5BA966D}.Debug|x64.ActiveCfg = Debug|x64
		{443B527B-B561-4274-8FB4-E20BF5BA966D}.Debug|x64.Build.0 = Debug|x64
		{443B527B-B561-4274-8FB4-E20BF5BA966D}.Debug|x64.Deploy.0 = Debug|x64
		{443B527B-B561-4274-8FB4-E20BF5BA966D}.Release|Win32.ActiveCfg = Release|Win32
		{443B527B-B561-4274-8FB4-E20BF5BA966D}.Release|Win32.Build.0 = Release|Win32
		{443B527B-B561-4274-8FB4-E20BF5BA966D}.Release|Win32.Deploy.0 = Release|Win32
		{443B527B-B561-4274-8FB4-E20BF5BA966D}.Release|x64.ActiveCfg = Release|x64
		{443B527B-B561-4274-8FB4-E20BF5BA966D}.Release|x64.Build.0 = Release|x64
		{443B527B-B561-4274-8FB4-E20BF5BA966D}.Release|x64.Deploy.0 = Release|x64
		{996507D6-3A05-42EC-9762-79D3D3A7FE05}.Debug|Win32.ActiveCfg = Debug|Win32
		{996507D6-3A05-42EC-9762-79D3D3A7FE05}.Debug|Win32.Build.0 = Debug|Win32
		{996507D6-3A05-42EC-9762-79D3D3A7FE05}.Debug|Win32.Deploy.0 = Debug|Win32
		{996507D6-3A05-42EC-9762-79D3D3A7FE05}.Debug|x64.ActiveCfg = Debug|x64
		{996507D6-3A05-42EC-9762-79D3D3A7FE05}.Debug|x64.Build.0 = Debug|x64
		{996507D6-3A05-42EC-9762-79D3D3A7FE05}.Debug|x64.Deploy.0 = Debug|x64
		{996507D6-3A05-42EC-9762-79D3D3A7FE05}.Release|Win32.ActiveCfg = Release|Win32
		{996507D6-3A05-42EC-9762-79D3D3A7FE05}.Release|Win32.Build.0 = Release|Win32
		{996507D6-3A05-42EC-9762-79D3D3A7FE05}.Release|Win32.Deploy.0 = Release|Win32
		{996507D6-3A05-42EC-9762-79D3D3A7FE05}.Release|x64.ActiveCfg = Release|x64
		{996507D6-3A05-42EC-9762-79D3D3A7FE05}.Release|x64.Build.0 = Release|x64
		{996507D6-3A05-42EC-9762-79D3D3A7FE05}.Release|x64.Deploy.0 = Release|x64
		{B07B5D4D-15B8-4059-892A-B2A42B931CE6}.Debug|Win32.ActiveCfg = Debug|Win32
		{B07B5D4D-15B8-4059-892A-B2A42B931CE6}.Debug|Win32.Build.0 = Debug|Win32
		{B07B5D4D-15B8-4059-892A-B2A42B931CE6}.Debug|Win32.Deploy.0 = Debug|Win32
		{B07B5D4D-15B8-4059-892A-B2A42B931CE6}.Debug|x64.ActiveCfg = Debug|x64
		{B07B5D4D-15B8-4059-892A-B2A42B931CE6}.Debug|x64.Build.0 = Debug|x64
		{B07B5D4D-15B8-4059-892A-B2A42B931CE6}.Debug|x64.Deploy.0 = Debug|x64
		{B07B5D4D-15B8-4059-892A-B2A42B931CE6}.Release|Win32.ActiveCfg = Release|Win32
		{B07B5D4D-15B8-4059-892A-B2A42B931CE6}.Release|Win32.Build.0 = Release|Win32
		{B07B5D4D-15B8-4059-892A-B2A42B931CE6}.Release|Win32.Deploy.0 = Release|Win32
		{B07B5D4D-15B8-4059-892A-B2A42B931CE6}.Release|x64.ActiveCfg = Release|x64
		{B07B5D4D-15B8-4059-892A-B2A42B931CE6}.Release|x64.Build.0 = Release|x64
		{B07B5D4D-15B8-4059-892A-B2A42B931CE6}.Release|x64.Deploy.0 = Release|x64
		{84650E6A-B4B2-4F3E-AEE1-40209BB24D63}.Debug|Win32.ActiveCfg = Debug|Win32
		{84650E6A-B4B2-4F3E-AEE1-40209BB24D63}.Debug|Win32.Build.0 = Debug|Win32
		{84650E6A-B4B2-4F3E-AEE1-40209BB24D63}.Debug|Win32.Deploy.0 = Debug|Win32
		{84650E6A-B4B2-4F3E-AEE1-40209BB24D63}.Debug|x64.ActiveCfg = Debug|x64
		{84650E6A-B4B2-4F3E-AEE1-40209BB24D63}.Debug|x64.Build.0 = Debug|x64
		{84650E6A-B4B2-4F3E-AEE1-40209BB24D63}.Debug|x64.Deploy.0 = Debug|x64
		{84650E6A-B4B2-4F3E-AEE1-40209BB24D63}.Release|Win32.ActiveCfg = Release|Win32
		{84650E6A-B4B2-4F3E-AEE1-40209BB24D63}.Release|Win32.Build.0 = Release|Win32
		{84650E6A-B4B2-4F3E-AEE1-40209BB24D63}.Release|Win32.Deploy.0 = Release|Win32
		{84650E6A-B4B2-4F3E-AEE1-40209BB24D63}.Release|x64.ActiveCfg = Release|x64
		{84650E6A-B4B2-4F3E-AEE1-40209BB24D63}.Release|x64.Build.0 = Release|x64
		{84650E6A-B4B2-4F3E-AEE1-40209BB24D63}.Release|x64.Deploy.0 = Release|x64
		{1930DB56-029A-441B-AE19-11D60720D750}.Debug|Win32.ActiveCfg = Debug|Win32
		{1930DB56-029A-441B-AE19-11D60720D750}.Debug|Win32.Build.0 = Debug|Win32
		{1930DB56-029A-441B-AE19-11D60720D750}.Debug|Win32.Deploy.0 = Debug|Win32
		{1930DB56-029A-441B-AE19-11D60720D750}.Debug|x64.ActiveCfg = Debug|x64
		{1930DB56-029A-441B-AE19-11D60720D750}.Debug|x64.Build.0 = Debug|x64
		{1930DB56-029A-441B-AE19-11D60720D750}.Debug|x64.Deploy.0 = Debug|x64
		{1930DB56-029A-441B-AE19-11D60720D750}.Release|Win32.ActiveCfg = Release|Win32
		{1930DB56-029A-441B-AE19-11D60720D750}.Release|Win32.Build.0 = Release|Win32
		{1930DB56-029A-441B-AE19-11D60720D750}.Release|Win32.Deploy.0 = Release|Win32
		{1930DB56-029A-441B-AE19-11D60720D750}.Release|x64.ActiveCfg = Release|x64
		{1930DB56-029A-441B-AE19-11D60720D750}.Release|x64.Build.0 = Release|x64
		{1930DB56-029A-441B-AE19-11D60720D750}.Release|x64.Deploy.0 = Release|x64
		{35B041F1-E218-47B1-AA73-F6727921C211}.Debug|Win32.ActiveCfg = Debug|Win32
		{35B041F1-E218-47B1-AA73-F6727921C211}.Debug|Win32.Build.0 = Debug|Win32
		{35B041F1-E218-47B1-AA73-F6727921C211}.Debug|Win32.Deploy.0 = Debug|Win32
		{35B041F1-E218-47B1-AA73-F6727921C211}.Debug|x64.ActiveCfg = Debug|x64
		{35B041F1-E218-47B1-AA73-F6727921C211}.Debug|x64.Build.0 = Debug|x64
		{35B041F1-E218-47B1-AA73-F6727921C211}.Debug|x64.Deploy.0 = Debug|x64
		{35B041F1-E218-47B1-AA73-F6727921C211}.Release|Win32.ActiveCfg = Release|Win32
		{35B041F1-E218-47B1-AA73-F6727921C211}.Release|Win32.Build.0 = Release|Win32
		{35B041F1-E218-47B1-AA73-F6727921C211}.Release|Win32.Deploy.0 = Release|Win32
		{35B041F1-E218-47B1-AA73-F6727921C211}.Release|x64.ActiveCfg = Release|x64
		{35B041F1-E218-47B1-AA73-F6727921C211}.Release|x64.Build.0 = Release|x64
		{35B041F1-E218-47B1-AA73-F6727921C211}.Release|x64.Deploy.0 = Release|x64
		{0CB8C7C9-8D25-43B5-9E20-A15DD18BE7B4}.Debug|Win32.ActiveCfg = Debug|Win32
		{0CB8C7C9-8D25-43B5-9E20-A15DD18BE7B4}.Debug|Win32.Build.0 = Debug|Win32
		{0CB8C7C9-8D25-43B5-9E20-A15DD18BE7B4}.Debug|Win32.Deploy.0 = Debug|Win32
		{0CB8C7C9-8D25-43B5-9E20-A15DD18BE7B4}.Debug|x64.ActiveCfg = Debug|x64
		{0CB8C7C9-8D25-43B5-9E20-A15DD18BE7B4}.Debug|x64.Build.0 = Debug|x64
		{0CB8C7C9-8D25-43B5-9E20-A15DD18BE7B4}.Debug|x64.Deploy.0 = Debug|x64
		{0CB8C7C9-8D25-43B5-9E20-A15DD18BE7B4}.Release|Win32.ActiveCfg = Release|Win32
		{0CB8C7C9-8D25-43B5-9E20-A15DD18BE7B4}.Release|Win32.Build.0 = Release|Win32
		{0CB8C7C9-8D25-43B5-9E20-A15DD18BE7B4}.Release|Win32.Deploy.0 = Release|Win32
		{0CB8C7C9-8D25-43B5-9E20-A15DD18BE7B4}.Release|x64.ActiveCfg = Release|x64
		{0CB8C7C9-8D25-43B5-9E20-A15DD18BE7B4}.Release|x64.Build.0 = Release|x64
		{0CB8C7C9-8D25-43B5-9E20-A15DD18BE7B4}.Release|x64.Deploy.0 = Release|x64
		{61CF7F49-6523-4717-ACB1-A4AB5C3F92E4}.Debug|Win32.ActiveCfg = Debug|Win32
		{61CF7F49-6523-4717-ACB1-A4AB5C3F92E4}.Debug|Win32.Build.0 = Debug|Win32
		{61CF7F49-6523-4717-ACB1-A4AB5C3F92E4}.Debug|Win32.Deploy.0 = Debug|Win32
		{61CF7F49-6523-4717-ACB1-A4AB5C3F92E4}.Debug|x64.ActiveCfg = Debug|x64
		{61CF7F49-6523-4717-ACB1-A4AB5C3F92E4}.Debug|x64.Build.0 = Debug|x64
		{61CF7F49-6523-4717-ACB1-A4AB5C3F92E4}.Debug|x64.Deploy.0 = Debug|x64
		{61CF7F49-6523-4717-ACB1-A4AB5C3F92E4}.Release|Win32.ActiveCfg = Release|Win32
		{61CF7F49-6523-4717-ACB1-A4AB5C3F92E4}.Release|Win32.Build.0 = Release|Win32
		{61CF7F49-6523-4717-ACB1-A4AB5C3F92E4}.Release|Win32.Deploy.0 = Release|Win32
		{61CF7F49-6523-4717-ACB1-A4AB5C3F92E4}.Release|x64.ActiveCfg = Release|x64
		{61CF7F49-6523-4717-ACB1-A4AB5C3F92E4}.Release|x64.Build.0 = Release|x64
		{61CF7F49-6523-4717-ACB1-A4AB5C3F92E4}.Release|x64.Deploy.0 = Release|x64
		{0486B187-0B81-4EC2-A91C-270827B34702}.Debug|Win32.ActiveCfg = Debug|Win32
		{0486B187-0B81-4EC2-A91C-270827B34702}.Debug|Win32.Build.0 = Debug|Win32
		{0486B187-0B81-4EC2-A91C-270827B34702}.Debug|Win32.Deploy.0 = Debug|Win32
		{0486B187-0B81-4EC2-A91C-270827B34702}.Debug|x64.ActiveCfg = Debug|x64
		{0486B187-0B81-4EC2-A91C-270827B34702}.Debug|x64.Build.0 = Debug|x64
		{0486B187-0B81-4EC2-A91C-270827B34702}.Debug|x64.Deploy.0 = Debug|x64
		{0486B187-0B81-4EC2-A91C-270827B34702}.Release|Win32.ActiveCfg = Release|Win32
		{0486B187-0B81-4EC2-A91C-270827B34702}.Release|Win32.Build.0 = Release|Win32
		{0486B187-0B81-4EC2-A91C-270827B34702}.Release|Win32.Deploy.0 = Release|Win32
		{0486B187-0B81-4EC2-A91C-270827B34702}.Release|x64.ActiveCfg = Release|x64
		{0486B187-0B81-4EC2-A91C-270827B34702}.Release|x64.Build.0 = Release|x64
		{0486B187-0B81-4EC2-A91C-270827B34702}.Release|x64.Deploy.0 = Release|x64
		{C16CC1DE-D414-4440-8973-8DCD3FA6DE71}.Debug|Win32.ActiveCfg = Debug|Win32
		{C16CC1DE-D414-4440-8973-8DCD3FA6DE71}.Debug|Win32.Build.0 = Debug|Win32
		{C16CC1DE-D414-4440-8973-8DCD3FA6DE71}.Debug|Win32.Deploy.0 = Debug|Win32
		{C16CC1DE-D414-4440-8973-8DCD3FA6DE71}.Debug|x64.ActiveCfg = Debug|x64
		{C16CC1DE-D414-4440-8973-8DCD3FA6DE71}.Debug|x64.Build.0 = Debug|x64
		{C16CC1DE-D414-4440-8973-8DCD3FA6DE71}.Debug|x64.Deploy.0 = Debug|x64
		{C16CC1DE-D414-4440-8973-8DCD3FA6DE71}.Release|Win32.ActiveCfg = Release|Win32
		{C16CC1DE-D414-4440-8973-8DCD3FA6DE71}.Release|Win32.Build.0 = Release|Win32
		{C16CC1DE-D414-4440-8973-8DCD3FA6DE71}.Release|Win32.Deploy.0 = Release|Win32
		{C16CC1DE-D414-4440-8973-8DCD3FA6DE71}.Release|x64.ActiveCfg = Release|x64
		{C16CC1DE-D414-4440-8973-8DCD3FA6DE71}.Release|x64.Build.0 = Release|x64
		{C16CC1DE-D414-4440-8973-8DCD3FA6DE71}.Release|x64.Deploy.0 = Release|x64
		{97DDF67A-5CB2-45B6-B910-E16E47BEE99A}.Debug|Win32.ActiveCfg = Debug|Win32
		{97DDF67A-5CB2-45B6-B910-E16E47BEE99A}.Debug|Win32.Build.0 = Debug|Win32
		{97DDF67A-5CB2-45B6-B910-E16E47BEE99A}.Debug|Win32.Deploy.0 = Debug|Win32
		{97DDF67A-5CB2-45B6-B910-E16E47BEE99A}.Debug|x64.ActiveCfg = Debug|x64
		{97DDF67A-5CB2-45B6-B910-E16E47BEE99A}.Debug|x64.Build.0 = Debug|x64
		{97DDF67A-5CB2-45B6-B910-E16E47BEE99A}.Debug|x64.Deploy.0 = Debug|x64
		{97DDF67A-5CB2-45B6-B910-E16E47BEE99A}.Release|Win32.ActiveCfg = Release|Win32
		{97DDF67A-5CB2-45B6-B910-E16E47BEE99A}.Release|Win32.Build.0 = Release|Win32
		{97DDF67A-5CB2-45B6-B910-E16E47BEE99A}.Release|Win32.Deploy.0 = Release|Win32
		{97DDF67A-5CB2-45B6-B910-E16E47BEE99A}.Release|x64.ActiveCfg = Release|x64
		{97DDF67A-5CB2-45B6-B910-E16E47BEE99A}.Release|x64.Build.0 = Release|x64
		{97DDF67A-5CB2-45B6-B910-E16E47BEE99A}.Release|x64.Deploy.0 = Release|x64
		{0CA60F2A-0D8A-4E4E-A97F-3DAE1C1A2463}.Debug|Win32.ActiveCfg = Debug|Win32
		{0CA60F2A-0D8A-4E4E-A97F-3DAE1C1A2463}.Debug|Win32.Build.0 = Debug|Win32
		{0CA60F2A-0D8A-4E4E-A97F-3DAE1C1A2463}.Debug|Win32.Deploy.0 = Debug|Win32
		{0CA60F2A-0D8A-4E4E-A97F-3DAE1C1A2463}.Debug|x64.ActiveCfg = Debug|x64
		{0CA60F2A-0D8A-4E4E-A97F-3DAE1C1A2463}.Debug|x64.Build.0 = Debug|x64
		{0CA60F2A-0D8A-4E4E-A97F-3DAE1C1A2463}.Debug|x64.Deploy.0 = Debug|x64
		{0CA60F2A-0D8A-4E4E-A97F-3DAE1C1A2463}.Release|Win32.ActiveCfg = Release|Win32
		{0CA60F2A-0D8A-4E4E-A97F-3DAE1C1A2463}.Release|Win32.Build.0 = Release|Win32
		{0CA60F2A-0D8A-4E4E-A97F-3DAE1C1A2463}.Release|Win32.Deploy.0 = Release|Win32
		{0CA60F2A-0D8A-4E4E-A97F-3DAE1C1A2463}.Release|x64.ActiveCfg = Release|x64
		{0CA60F2A-0D8A-4E4E-A97F-3DAE1C1A2463}.Release|x64.Build.0 = Release|x64
		{0CA60F2A-0D8A-4E4E-A97F-3DAE1C1A2463}.Release|x64.Deploy.0 = Release|x64
		{09E16A10-E23A-443C-990E-28F98434EDB5}.Debug|Win32.ActiveCfg = Debug|Win32
		{09E16A10-E23A-443C-990E-28F98434EDB5}.Debug|Win32.Build.0 = Debug|Win32
		{09E16A10-E23A-443C-990E-28F98434EDB5}.Debug|Win32.Deploy.0 = Debug|Win32
		{09E16A10-E23A-443C-990E-28F98434EDB5}.Debug|x64.ActiveCfg = Debug|x64
		{09E16A10-E23A-443C-990E-28F98434EDB5}.Debug|x64.Build.0 = Debug|x64
		{09E16A10-E23A-443C-990E-28F98434EDB5}.Debug|x64.Deploy.0 = Debug|x64
		{09E16A10-E23A-443C-990E-28F98434EDB5}.Release|Win32.ActiveCfg = Release|Win32
		{09E16A10-E23A-443C-990E-28F98434EDB5}.Release|Win32.Build.0 = Release|Win32
		{09E16A10-E23A-443C-990E-28F98434EDB5}.Release|Win32.Deploy.0 = Release|Win32
		{09E16A10-E23A-443C-990E-28F98434EDB5}.Release|x64.ActiveCfg = Release|x64
		{09E16A10-E23A-443C-990E-28F98434EDB5}.Release|x64.Build.0 = Release|x64
		{09E16A10-E23A-443C-990E-28F98434EDB5}.Release|x64.Deploy.0 = Release|x64
		{59943364-3E0F-4C3B-ACEF-C0E7C354289E}.Debug|Win32.ActiveCfg = Debug|Win32
		{59943364-3E0F-4C3B-ACEF-C0E7C354289E}.Debug|Win32.Build.0 = Debug|Win32
		{59943364-3E0F-4C3B-ACEF-C0E7C354289E}.Debug|Win32.Deploy.0 = Debug|Win32
		{59943364-3E0F-4C3B-ACEF-C0E7C354289E}.Debug|x64.ActiveCfg = Debug|x64
		{59943364-3E0F-4C3B-ACEF-C0E7C354289E}.Debug|x64.Build.0 = Debug|x64
		{59943364-3E0F-4C3B-ACEF-C0E7C354289E}.Debug|x64.Deploy.0 = Debug|x64
		{59943364-3E0F-4C3B-ACEF-C0E7C354289E}.Release|Win32.ActiveCfg = Release|Win32
		{59943364-3E0F-4C3B-ACEF-C0E7C354289E}.Release|Win32.Build.0 = Release|Win32
		{59943364-3E0F-4C3B-ACEF-C0E7C354289E}.Release|Win32.Deploy.0 = Release|Win32
		{59943364-3E0F-4C3B-ACEF-C0E7C354289E}.Release|x64.ActiveCfg = Release|x64
		{59943364-3E0F-4C3B-ACEF-C0E7C354289E}.Release|x64.Build.0 = Release|x64
		{59943364-3E0F-4C3B-ACEF-C0E7C354289E}.Release|x64.Deploy.0 = Release|x64
		{227A8180-1071-4CF4-98DF-5DBB6F16CA42}.Debug|Win32.ActiveCfg = Debug|Win32
		{227A8180-1071-4CF4-98DF-5DBB6F16CA42}.Debug|Win32.Build.0 = Debug|Win32
		{227A8180-1071-4CF4-98DF-5DBB6F16CA42}.Debug|Win32.Deploy.0 = Debug|Win32
		{227A8180-1071-4CF4-98DF-5DBB6F16CA42}.Debug|x64.ActiveCfg = Debug|x64
		{227A8180-1071-4CF4-98DF-5DBB6F16CA42}.Debug|x64.Build.0 = Debug|x64
		{227A8180-1071-4CF4-98DF-5DBB6F16CA42}.Debug|x64.Deploy.0 = Debug|x64
		{227A8180-1071-4CF4-98DF-5DBB6F16CA42}.Release|Win32.ActiveCfg = Release|Win32
		{227A8180-1071-4CF4-98DF-5DBB6F16CA42}.Release|Win32.Build.0 = Release|Win32
		{227A8180-1071-4CF4-98DF-5DBB6F16CA42}.Release|Win32.Deploy.0 = Release|Win32
		{227A8180-1071-4CF4-98DF-5DBB6F16CA42}.Release|x64.ActiveCfg = Release|x64
		{227A8180-1071-4CF4-98DF-5DBB6F16CA42}.Release|x64.Build.0 = Release|x64
		{227A8180-1071-4CF4-98DF-5DBB6F16CA42}.Release|x64.Deploy.0 = Release|x64
		{89F90093-1E94-4622-B363-057D8E151DB4}.Debug|Win32.ActiveCfg = Debug|Win32
		{89F90093-1E94-4622-B363-057D8E151DB4}.Debug|Win32.Build.0 = Debug|Win32
		{89F90093-1E94-4622-B363-057D8E151DB4}.Debug|Win32.Deploy.0 = Debug|Win32
		{89F90093-1E94-4622-B363-057D8E151DB4}.Debug|x64.ActiveCfg = Debug|x64
		{89F90093-1E94-4622-B363-057D8E151DB4}.Debug|x64.Build.0 = Debug|x64
		{89F90093-1E94-4622-B363-057D8E151DB4}.Debug|x64.Deploy.0 = Debug|x64
		{89F90093-1E94-4622-B363-057D8E151DB4}.Release|Win32.ActiveCfg = Release|Win32
		{89F90093-1E94-4622-B363-057D8E151DB4}.Release|Win32.Build.0 = Release|Win32
		{89F90093-1E94-4622-B363-057D8E151DB4}.Release|Win32.Deploy.0 = Release|Win32
		{89F90093-1E94-4622-B363-057D8E151DB4}.Release|x64.ActiveCfg = Release|x64
		{89F90093-1E94-4622-B363-057D8E151DB4}.Release|x64.Build.0 = Release|x64
		{89F90093-1E94-4622-B363-057D8E151DB4}.Release|x64.Deploy.0 = Release|x64
		{CB22DB94-4978-4D1A-B313-DFEDC441FA36}.Debug|Win32.ActiveCfg = Debug|Win32
		{CB22DB94-4978-4D1A-B313-DFEDC441FA36}.Debug|Win32.Build.0 = Debug|Win32
		{CB22DB94-4978-4D1A-B313-DFEDC441FA36}.Debug|Win32.Deploy.0 = Debug|Win32
		{CB22DB94-4978-4D1A-B313-DFEDC441FA36}.Debug|x64.ActiveCfg = Debug|x64
		{CB22DB94-4978-4D1A-B313-DFEDC441FA36}.Debug|x64.Build.0 = Debug|x64
		{CB22DB94-4978-4D1A-B313-DFEDC441FA36}.Debug|x64.Deploy.0 = Debug|x64
		{CB22DB94-4978-4D1A-B313-DFEDC441FA36}.Release|Win32.ActiveCfg = Release|Win32
		{CB22DB94-4978-4D1A-B313-DFEDC441FA36}.Release|Win32.Build.0 = Release|Win32
		{CB22DB94-4978-4D1A-B313-DFEDC441FA36}.Release|Win32.Deploy.0 = Release|Win32
		{CB22DB94-4978-4D1A-B313-DFEDC441FA36}.Release|x64.ActiveCfg = Release|x64
		{CB22DB94-4978-4D1A-B313-DFEDC441FA36}.Release|x64.Build.0 = Release|x64
		{CB22DB94-4978-4D1A-B313-DFEDC441FA36}.Release|x64.Deploy.0 = Release|x64
		{2C24D7B6-D883-4030-91FC-3E6A5E469836}.Debug|Win32.ActiveCfg = Debug|Win32
		{2C24D7B6-D883-4030-91FC-3E6A5E469836}.Debug|Win32.Build.0 = Debug|Win32
		{2C24D7B6-D883-4030-91FC-3E6A5E469836}.Debug|Win32.Deploy.0 = Debug|Win32
		{2C24D7B6-D883-4030-91FC-3E6A5E469836}.Debug|x64.ActiveCfg = Debug|x64
		{2C24D7B6-D883-4030-91FC-3E6A5E469836}.Debug|x64.Build.0 = Debug|x64
		{2C24D7B6-D883-4030-91FC-3E6A5E469836}.Debug|x64.Deploy.0 = Debug|x64
		{2C24D7B6-D883-4030-91FC-3E6A5E469836}.Release|Win32.ActiveCfg = Release|Win32
		{2C24D7B6-D883-4030-91FC-3E6A5E469836}.Release|Win32.Build.0 = Release|Win32
		{2C24D7B6-D883-4030-91FC-3E6A5E469836}.Release|Win32.Deploy.0 = Release|Win32
		{2C24D7B6-D883-4030-91FC-3E6A5E469836}.Release|x64.ActiveCfg = Release|x64
		{2C24D7B6-D883-4030-91FC-3E6A5E469836}.Release|x64.Build.0 = Release|x64
		{2C24D7B6-D883-4030-91FC-3E6A5E469836}.Release|x64.Deploy.0 = Release|x64
		{D0181869-2910-4F5A-8450-8565D4F4FB21}.Debug|Win32.ActiveCfg = Debug|Win32
		{D0181869-2910-4F5A-8450-8565D4F4FB21}.Debug|Win32.Build.0 = Debug|Win32
		{D0181869-2910-4F5A-8450-8565D4F4FB21}.Debug|Win32.Deploy.0 = Debug|Win32
		{D0181869-2910-4F5A-8450-8565D4F4FB21}.Debug|x64.ActiveCfg = Debug|x64
		{D0181869-2910-4F5A-8450-8565D4F4FB21}.Debug|x64.Build.0 = Debug|x64
		{D0181869-2910-4F5A-8450-8565D4F4FB21}.Debug|x64.Deploy.0 = Debug|x64
		{D0181869-2910-4F5A-8450-8565D4F4FB21}.Release|Win32.ActiveCfg = Release|Win32
		{D0181869-2910-4F5A-8450-8565D4F4FB21}.Release|Win32.Build.0 = Release|Win32
		{D0181869-2910-4F5A-8450-8565D4F4FB21}.Release|Win32.Deploy.0 = Release|Win32
		{D0181869-2910-4F5A-8450-8565D4F4FB21}.Release|x64.ActiveCfg = Release|x64
		{D0181869-2910-4F5A-8450-8565D4F4FB21}.Release|x64.Build.0 = Release|x64
		{D0181869-2910-4F5A-8450-8565D4F4FB21}.Release|x64.Deploy.0 = Release|x64
		{1615CC07-C128-462D-957C-8D1D565999D9}.Debug|Win32.ActiveCfg = Debug|Win32
		{1615CC07-C128-462D-957C-8D1D565999D9}.Debug|Win32.Build.0 = Debug|Win32
		{1615CC07-C128-462D-957C-8D1D565999D9}.Debug|Win32.Deploy.0 = Debug|Win32
		{1615CC07-C128-462D-957C-8D1D565999D9}.Debug|x64.ActiveCfg = Debug|x64
		{1615CC07-C128-462D-957C-8D1D565999D9}.Debug|x64.Build.0 = Debug|x64
		{1615CC07-C128-462D-957C-8D1D565999D9}.Debug|x64.Deploy.0 = Debug|x64
		{1615CC07-C128-462D-957C-8D1D565999D9}.Release|Win32.ActiveCfg = Release|Win32
		{1615CC07-C128-462D-957C-8D1D565999D9}.Release|Win32.Build.0 = Release|Win32
		{1615CC07-C128-462D-957C-8D1D565999D9}.Release|Win32.Deploy.0 = Release|Win32
		{1615CC07-C128-462D-957C-8D1D565999D9}.Release|x64.ActiveCfg = Release|x64
		{1615CC07-C128-462D-957C-8D1D565999D9}.Release|x64.Build.0 = Release|x64
		{1615CC07-C128-462D-957C-8D1D565999D9}.Release|x64.Deploy.0 = Release|x64
		{3CCC87B4-741C-4755-AA06-FBA56AA66D54}.Debug|Win32.ActiveCfg = Debug|Win32
		{3CCC87B4-741C-4755-AA06-FBA56AA66D54}.Debug|Win32.Build.0 = Debug|Win32
		{3CCC87B4-741C-4755-AA06-FBA56AA66D54}.Debug|Win32.Deploy.0 = Debug|Win32
		{3CCC87B4-741C-4755-AA06-FBA56AA66D54}.Debug|x64.ActiveCfg = Debug|x64
		{3CCC87B4-741C-4755-AA06-FBA56AA66D54}.Debug|x64.Build.0 = Debug|x64
		{3CCC87B4-741C-4755-AA06-FBA56AA66D54}.Debug|x64.Deploy.0 = Debug|x64
		{3CCC87B4-741C-4755-AA06-FBA56AA66D54}.Release|Win32.ActiveCfg = Release|Win32
		{3CCC87B4-741C-4755-AA06-FBA56AA66D54}.Release|Win32.Build.0 = Release|Win32
		{3CCC87B4-741C-4755-AA06-FBA56AA66D54}.Release|Win32.Deploy.0 = Release|Win32
		{3CCC87B4-741C-4755-AA06-FBA56AA66D54}.Release|x64.ActiveCfg = Release|x64
		{3CCC87B4-741C-4755-AA06-FBA56AA66D54}.Release|x64.Build.0 = Release|x64
		{3CCC87B4-741C-4755-AA06-FBA56AA66D54}.Release|x64.Deploy.0 = Release|x64
		{6773B072-9387-44CE-9BEC-92F908DBC482}.Debug|Win32.ActiveCfg = Debug|Win32
		{6773B072-9387-44CE-9BEC-92F908DBC482}.Debug|Win32.Build.0 = Debug|Win32
		{6773B072-9387-44CE-9BEC-92F908DBC482}.Debug|Win32.Deploy.0 = Debug|Win32
		{6773B072-9387-44CE-9BEC-92F908DBC482}.Debug|x64.ActiveCfg = Debug|x64
		{6773B072-9387-44CE-9BEC-92F908DBC482}.Debug|x64.Build.0 = Debug|x64
		{6773B072-9387-44CE-9BEC-92F908DBC482}.Debug|x64.Deploy.0 = Debug|x64
		{6773B072-9387-44CE-9BEC-92F908DBC482}.Release|Win32.ActiveCfg = Release|Win32
		{6773B072-9387-44CE-9BEC-92F908DBC482}.Release|Win32.Build.0 = Release|Win32
		{6773B072-9387-44CE-9BEC-92F908DBC482}.Release|Win32.Deploy.0 = Release|Win32
		{6773B072-9387-44CE-9BEC-92F908DBC482}.Release|x64.ActiveCfg = Release|x64
		{6773B072-9387-44CE-9BEC-92F908DBC482}.Release|x64.Build.0 = Release|x64
		{6773B072-9387-44CE-9BEC-92F908DBC482}.Release|x64.Deploy.0 = Release|x64
	EndGlobalSection
	GlobalSection(SolutionProperties) = preSolution
		HideSolutionNode = FALSE
	EndGlobalSection
EndGlobal
