
Microsoft Visual Studio Solution File, Format Version 11.00
# Visual Studio Version 16
Project("{8BC9CEB8-8B4A-11D0-8D11-00A0C91BC942}") = "3d", "3d.vcxproj", "{0CDD81BE-DD19-4B1F-A5D8-206AD5B862DC}"
EndProject
Project("{8BC9CEB8-8B4A-11D0-8D11-00A0C91BC942}") = "asyncio", "asyncio.vcxproj", "{20AD92E0-DB57-43A9-9A64-8C783A0B8E22}"
EndProject
Project("{8BC9CEB8-8B4A-11D0-8D11-00A0C91BC942}") = "channel_groups", "channel_groups.vcxproj", "{AA84DE1F-1C8D-4AFC-8992-B5012A42A536}"
EndProject
Project("{8BC9CEB8-8B4A-11D0-8D11-00A0C91BC942}") = "convolution_reverb", "convolution_reverb.vcxproj", "{8CC5278C-C81A-4101-B682-FD66FDCF9556}"
EndProject
Project("{8BC9CEB8-8B4A-11D0-8D11-00A0C91BC942}") = "dsp_custom", "dsp_custom.vcxproj", "{2C08F186-CF4E-4E0A-AD22-047BD10FA8B1}"
EndProject
Project("{8BC9CEB8-8B4A-11D0-8D11-00A0C91BC942}") = "dsp_effect_per_speaker", "dsp_effect_per_speaker.vcxproj", "{F2BA0402-745A-4EA5-9CBD-BA711F8970C8}"
EndProject
Project("{8BC9CEB8-8B4A-11D0-8D11-00A0C91BC942}") = "dsp_inspector", "dsp_inspector.vcxproj", "{88A82919-E8A0-42A5-8624-EB364EB37DDB}"
EndProject
Project("{8BC9CEB8-8B4A-11D0-8D11-00A0C91BC942}") = "effects", "effects.vcxproj", "{9C71C37B-CFEB-40AD-A374-06626491CBF1}"
EndProject
Project("{8BC9CEB8-8B4A-11D0-8D11-00A0C91BC942}") = "gapless_playback", "gapless_playback.vcxproj", "{69786959-7CA6-4454-9349-ACD4A07876B8}"
EndProject
Project("{8BC9CEB8-8B4A-11D0-8D11-00A0C91BC942}") = "generate_tone", "generate_tone.vcxproj", "{8574D8A9-4F38-44CF-B129-D912FF0A0FEC}"
EndProject
Project("{8BC9CEB8-8B4A-11D0-8D11-00A0C91BC942}") = "granular_synth", "granular_synth.vcxproj", "{ACC3231D-8CFC-4AAC-BBAF-DCF34549648A}"
EndProject
Project("{8BC9CEB8-8B4A-11D0-8D11-00A0C91BC942}") = "load_from_memory", "load_from_memory.vcxproj", "{CC577615-5DEB-462B-A6FF-9B628BC6A9D0}"
EndProject
Project("{8BC9CEB8-8B4A-11D0-8D11-00A0C91BC942}") = "multiple_speaker", "multiple_speaker.vcxproj", "{4EC14276-8A0A-45C3-B9DF-B8631F2DCFA7}"
EndProject
Project("{8BC9CEB8-8B4A-11D0-8D11-00A0C91BC942}") = "multiple_system", "multiple_system.vcxproj", "{A3B951C0-851E-4E36-B1C5-E3C91898BCD5}"
EndProject
Project("{8BC9CEB8-8B4A-11D0-8D11-00A0C91BC942}") = "net_stream", "net_stream.vcxproj", "{8B1D968A-EA98-4E49-B409-CF66EFD508FA}"
EndProject
Project("{8BC9CEB8-8B4A-11D0-8D11-00A0C91BC942}") = "play_sound", "play_sound.vcxproj", "{55711DA9-EFAB-4292-86DF-9AC972B52C52}"
EndProject
Project("{8BC9CEB8-8B4A-11D0-8D11-00A0C91BC942}") = "play_stream", "play_stream.vcxproj", "{66908547-C259-4F4E-A3E2-0A32C94A0DDC}"
EndProject
Project("{8BC9CEB8-8B4A-11D0-8D11-00A0C91BC942}") = "record", "record.vcxproj", "{906B5E6E-4EA7-4D01-9DC2-B1EAC0DE9B6D}"
EndProject
Project("{8BC9CEB8-8B4A-11D0-8D11-00A0C91BC942}") = "record_enumeration", "record_enumeration.vcxproj", "{265A9A3B-EDF7-45B9-85F1-329A7045C5DE}"
EndProject
Project("{8BC9CEB8-8B4A-11D0-8D11-00A0C91BC942}") = "user_created_sound", "user_created_sound.vcxproj", "{09B41A1B-297D-4E6D-9F2D-9D2D050B1D1A}"
EndProject
Project("{8BC9CEB8-8B4A-11D0-8D11-00A0C91BC942}") = "fmod_codec_raw", "fmod_codec_raw.vcxproj", "{C589F136-9014-4944-80C7-8B526A2575C9}"
EndProject
Project("{8BC9CEB8-8B4A-11D0-8D11-00A0C91BC942}") = "fmod_distance_filter", "fmod_distance_filter.vcxproj", "{449271C4-8F42-4816-AB57-AFA89E4C2CBD}"
EndProject
Project("{8BC9CEB8-8B4A-11D0-8D11-00A0C91BC942}") = "fmod_gain", "fmod_gain.vcxproj", "{B79ED419-C8DD-476D-81B1-1C15BAD2C3B7}"
EndProject
Project("{8BC9CEB8-8B4A-11D0-8D11-00A0C91BC942}") = "fmod_noise", "fmod_noise.vcxproj", "{CA5D4E6F-AFE9-46AE-955E-D3D66FA410C1}"
EndProject
Project("{8BC9CEB8-8B4A-11D0-8D11-00A0C91BC942}") = "output_mp3", "output_mp3.vcxproj", "{3F895063-7A8A-49BA-AC13-ECB310E00DD0}"
EndProject
Global
	GlobalSection(SolutionConfigurationPlatforms) = preSolution
		Debug|Win32 = Debug|Win32
		Debug|x64 = Debug|x64
		Release|Win32 = Release|Win32
		Release|x64 = Release|x64
	EndGlobalSection
	GlobalSection(ProjectConfigurationPlatforms) = postSolution
		{0CDD81BE-DD19-4B1F-A5D8-206AD5B862DC}.Debug|Win32.ActiveCfg = Debug|Win32
		{0CDD81BE-DD19-4B1F-A5D8-206AD5B862DC}.Debug|Win32.Build.0 = Debug|Win32
		{0CDD81BE-DD19-4B1F-A5D8-206AD5B862DC}.Debug|Win32.Deploy.0 = Debug|Win32
		{0CDD81BE-DD19-4B1F-A5D8-206AD5B862DC}.Debug|x64.ActiveCfg = Debug|x64
		{0CDD81BE-DD19-4B1F-A5D8-206AD5B862DC}.Debug|x64.Build.0 = Debug|x64
		{0CDD81BE-DD19-4B1F-A5D8-206AD5B862DC}.Debug|x64.Deploy.0 = Debug|x64
		{0CDD81BE-DD19-4B1F-A5D8-206AD5B862DC}.Release|Win32.ActiveCfg = Release|Win32
		{0CDD81BE-DD19-4B1F-A5D8-206AD5B862DC}.Release|Win32.Build.0 = Release|Win32
		{0CDD81BE-DD19-4B1F-A5D8-206AD5B862DC}.Release|Win32.Deploy.0 = Release|Win32
		{0CDD81BE-DD19-4B1F-A5D8-206AD5B862DC}.Release|x64.ActiveCfg = Release|x64
		{0CDD81BE-DD19-4B1F-A5D8-206AD5B862DC}.Release|x64.Build.0 = Release|x64
		{0CDD81BE-DD19-4B1F-A5D8-206AD5B862DC}.Release|x64.Deploy.0 = Release|x64
		{20AD92E0-DB57-43A9-9A64-8C783A0B8E22}.Debug|Win32.ActiveCfg = Debug|Win32
		{20AD92E0-DB57-43A9-9A64-8C783A0B8E22}.Debug|Win32.Build.0 = Debug|Win32
		{20AD92E0-DB57-43A9-9A64-8C783A0B8E22}.Debug|Win32.Deploy.0 = Debug|Win32
		{20AD92E0-DB57-43A9-9A64-8C783A0B8E22}.Debug|x64.ActiveCfg = Debug|x64
		{20AD92E0-DB57-43A9-9A64-8C783A0B8E22}.Debug|x64.Build.0 = Debug|x64
		{20AD92E0-DB57-43A9-9A64-8C783A0B8E22}.Debug|x64.Deploy.0 = Debug|x64
		{20AD92E0-DB57-43A9-9A64-8C783A0B8E22}.Release|Win32.ActiveCfg = Release|Win32
		{20AD92E0-DB57-43A9-9A64-8C783A0B8E22}.Release|Win32.Build.0 = Release|Win32
		{20AD92E0-DB57-43A9-9A64-8C783A0B8E22}.Release|Win32.Deploy.0 = Release|Win32
		{20AD92E0-DB57-43A9-9A64-8C783A0B8E22}.Release|x64.ActiveCfg = Release|x64
		{20AD92E0-DB57-43A9-9A64-8C783A0B8E22}.Release|x64.Build.0 = Release|x64
		{20AD92E0-DB57-43A9-9A64-8C783A0B8E22}.Release|x64.Deploy.0 = Release|x64
		{AA84DE1F-1C8D-4AFC-8992-B5012A42A536}.Debug|Win32.ActiveCfg = Debug|Win32
		{AA84DE1F-1C8D-4AFC-8992-B5012A42A536}.Debug|Win32.Build.0 = Debug|Win32
		{AA84DE1F-1C8D-4AFC-8992-B5012A42A536}.Debug|Win32.Deploy.0 = Debug|Win32
		{AA84DE1F-1C8D-4AFC-8992-B5012A42A536}.Debug|x64.ActiveCfg = Debug|x64
		{AA84DE1F-1C8D-4AFC-8992-B5012A42A536}.Debug|x64.Build.0 = Debug|x64
		{AA84DE1F-1C8D-4AFC-8992-B5012A42A536}.Debug|x64.Deploy.0 = Debug|x64
		{AA84DE1F-1C8D-4AFC-8992-B5012A42A536}.Release|Win32.ActiveCfg = Release|Win32
		{AA84DE1F-1C8D-4AFC-8992-B5012A42A536}.Release|Win32.Build.0 = Release|Win32
		{AA84DE1F-1C8D-4AFC-8992-B5012A42A536}.Release|Win32.Deploy.0 = Release|Win32
		{AA84DE1F-1C8D-4AFC-8992-B5012A42A536}.Release|x64.ActiveCfg = Release|x64
		{AA84DE1F-1C8D-4AFC-8992-B5012A42A536}.Release|x64.Build.0 = Release|x64
		{AA84DE1F-1C8D-4AFC-8992-B5012A42A536}.Release|x64.Deploy.0 = Release|x64
		{8CC5278C-C81A-4101-B682-FD66FDCF9556}.Debug|Win32.ActiveCfg = Debug|Win32
		{8CC5278C-C81A-4101-B682-FD66FDCF9556}.Debug|Win32.Build.0 = Debug|Win32
		{8CC5278C-C81A-4101-B682-FD66FDCF9556}.Debug|Win32.Deploy.0 = Debug|Win32
		{8CC5278C-C81A-4101-B682-FD66FDCF9556}.Debug|x64.ActiveCfg = Debug|x64
		{8CC5278C-C81A-4101-B682-FD66FDCF9556}.Debug|x64.Build.0 = Debug|x64
		{8CC5278C-C81A-4101-B682-FD66FDCF9556}.Debug|x64.Deploy.0 = Debug|x64
		{8CC5278C-C81A-4101-B682-FD66FDCF9556}.Release|Win32.ActiveCfg = Release|Win32
		{8CC5278C-C81A-4101-B682-FD66FDCF9556}.Release|Win32.Build.0 = Release|Win32
		{8CC5278C-C81A-4101-B682-FD66FDCF9556}.Release|Win32.Deploy.0 = Release|Win32
		{8CC5278C-C81A-4101-B682-FD66FDCF9556}.Release|x64.ActiveCfg = Release|x64
		{8CC5278C-C81A-4101-B682-FD66FDCF9556}.Release|x64.Build.0 = Release|x64
		{8CC5278C-C81A-4101-B682-FD66FDCF9556}.Release|x64.Deploy.0 = Release|x64
		{2C08F186-CF4E-4E0A-AD22-047BD10FA8B1}.Debug|Win32.ActiveCfg = Debug|Win32
		{2C08F186-CF4E-4E0A-AD22-047BD10FA8B1}.Debug|Win32.Build.0 = Debug|Win32
		{2C08F186-CF4E-4E0A-AD22-047BD10FA8B1}.Debug|Win32.Deploy.0 = Debug|Win32
		{2C08F186-CF4E-4E0A-AD22-047BD10FA8B1}.Debug|x64.ActiveCfg = Debug|x64
		{2C08F186-CF4E-4E0A-AD22-047BD10FA8B1}.Debug|x64.Build.0 = Debug|x64
		{2C08F186-CF4E-4E0A-AD22-047BD10FA8B1}.Debug|x64.Deploy.0 = Debug|x64
		{2C08F186-CF4E-4E0A-AD22-047BD10FA8B1}.Release|Win32.ActiveCfg = Release|Win32
		{2C08F186-CF4E-4E0A-AD22-047BD10FA8B1}.Release|Win32.Build.0 = Release|Win32
		{2C08F186-CF4E-4E0A-AD22-047BD10FA8B1}.Release|Win32.Deploy.0 = Release|Win32
		{2C08F186-CF4E-4E0A-AD22-047BD10FA8B1}.Release|x64.ActiveCfg = Release|x64
		{2C08F186-CF4E-4E0A-AD22-047BD10FA8B1}.Release|x64.Build.0 = Release|x64
		{2C08F186-CF4E-4E0A-AD22-047BD10FA8B1}.Release|x64.Deploy.0 = Release|x64
		{F2BA0402-745A-4EA5-9CBD-BA711F8970C8}.Debug|Win32.ActiveCfg = Debug|Win32
		{F2BA0402-745A-4EA5-9CBD-BA711F8970C8}.Debug|Win32.Build.0 = Debug|Win32
		{F2BA0402-745A-4EA5-9CBD-BA711F8970C8}.Debug|Win32.Deploy.0 = Debug|Win32
		{F2BA0402-745A-4EA5-9CBD-BA711F8970C8}.Debug|x64.ActiveCfg = Debug|x64
		{F2BA0402-745A-4EA5-9CBD-BA711F8970C8}.Debug|x64.Build.0 = Debug|x64
		{F2BA0402-745A-4EA5-9CBD-BA711F8970C8}.Debug|x64.Deploy.0 = Debug|x64
		{F2BA0402-745A-4EA5-9CBD-BA711F8970C8}.Release|Win32.ActiveCfg = Release|Win32
		{F2BA0402-745A-4EA5-9CBD-BA711F8970C8}.Release|Win32.Build.0 = Release|Win32
		{F2BA0402-745A-4EA5-9CBD-BA711F8970C8}.Release|Win32.Deploy.0 = Release|Win32
		{F2BA0402-745A-4EA5-9CBD-BA711F8970C8}.Release|x64.ActiveCfg = Release|x64
		{F2BA0402-745A-4EA5-9CBD-BA711F8970C8}.Release|x64.Build.0 = Release|x64
		{F2BA0402-745A-4EA5-9CBD-BA711F8970C8}.Release|x64.Deploy.0 = Release|x64
		{88A82919-E8A0-42A5-8624-EB364EB37DDB}.Debug|Win32.ActiveCfg = Debug|Win32
		{88A82919-E8A0-42A5-8624-EB364EB37DDB}.Debug|Win32.Build.0 = Debug|Win32
		{88A82919-E8A0-42A5-8624-EB364EB37DDB}.Debug|Win32.Deploy.0 = Debug|Win32
		{88A82919-E8A0-42A5-8624-EB364EB37DDB}.Debug|x64.ActiveCfg = Debug|x64
		{88A82919-E8A0-42A5-8624-EB364EB37DDB}.Debug|x64.Build.0 = Debug|x64
		{88A82919-E8A0-42A5-8624-EB364EB37DDB}.Debug|x64.Deploy.0 = Debug|x64
		{88A82919-E8A0-42A5-8624-EB364EB37DDB}.Release|Win32.ActiveCfg = Release|Win32
		{88A82919-E8A0-42A5-8624-EB364EB37DDB}.Release|Win32.Build.0 = Release|Win32
		{88A82919-E8A0-42A5-8624-EB364EB37DDB}.Release|Win32.Deploy.0 = Release|Win32
		{88A82919-E8A0-42A5-8624-EB364EB37DDB}.Release|x64.ActiveCfg = Release|x64
		{88A82919-E8A0-42A5-8624-EB364EB37DDB}.Release|x64.Build.0 = Release|x64
		{88A82919-E8A0-42A5-8624-EB364EB37DDB}.Release|x64.Deploy.0 = Release|x64
		{9C71C37B-CFEB-40AD-A374-06626491CBF1}.Debug|Win32.ActiveCfg = Debug|Win32
		{9C71C37B-CFEB-40AD-A374-06626491CBF1}.Debug|Win32.Build.0 = Debug|Win32
		{9C71C37B-CFEB-40AD-A374-06626491CBF1}.Debug|Win32.Deploy.0 = Debug|Win32
		{9C71C37B-CFEB-40AD-A374-06626491CBF1}.Debug|x64.ActiveCfg = Debug|x64
		{9C71C37B-CFEB-40AD-A374-06626491CBF1}.Debug|x64.Build.0 = Debug|x64
		{9C71C37B-CFEB-40AD-A374-06626491CBF1}.Debug|x64.Deploy.0 = Debug|x64
		{9C71C37B-CFEB-40AD-A374-06626491CBF1}.Release|Win32.ActiveCfg = Release|Win32
		{9C71C37B-CFEB-40AD-A374-06626491CBF1}.Release|Win32.Build.0 = Release|Win32
		{9C71C37B-CFEB-40AD-A374-06626491CBF1}.Release|Win32.Deploy.0 = Release|Win32
		{9C71C37B-CFEB-40AD-A374-06626491CBF1}.Release|x64.ActiveCfg = Release|x64
		{9C71C37B-CFEB-40AD-A374-06626491CBF1}.Release|x64.Build.0 = Release|x64
		{9C71C37B-CFEB-40AD-A374-06626491CBF1}.Release|x64.Deploy.0 = Release|x64
		{69786959-7CA6-4454-9349-ACD4A07876B8}.Debug|Win32.ActiveCfg = Debug|Win32
		{69786959-7CA6-4454-9349-ACD4A07876B8}.Debug|Win32.Build.0 = Debug|Win32
		{69786959-7CA6-4454-9349-ACD4A07876B8}.Debug|Win32.Deploy.0 = Debug|Win32
		{69786959-7CA6-4454-9349-ACD4A07876B8}.Debug|x64.ActiveCfg = Debug|x64
		{69786959-7CA6-4454-9349-ACD4A07876B8}.Debug|x64.Build.0 = Debug|x64
		{69786959-7CA6-4454-9349-ACD4A07876B8}.Debug|x64.Deploy.0 = Debug|x64
		{69786959-7CA6-4454-9349-ACD4A07876B8}.Release|Win32.ActiveCfg = Release|Win32
		{69786959-7CA6-4454-9349-ACD4A07876B8}.Release|Win32.Build.0 = Release|Win32
		{69786959-7CA6-4454-9349-ACD4A07876B8}.Release|Win32.Deploy.0 = Release|Win32
		{69786959-7CA6-4454-9349-ACD4A07876B8}.Release|x64.ActiveCfg = Release|x64
		{69786959-7CA6-4454-9349-ACD4A07876B8}.Release|x64.Build.0 = Release|x64
		{69786959-7CA6-4454-9349-ACD4A07876B8}.Release|x64.Deploy.0 = Release|x64
		{8574D8A9-4F38-44CF-B129-D912FF0A0FEC}.Debug|Win32.ActiveCfg = Debug|Win32
		{8574D8A9-4F38-44CF-B129-D912FF0A0FEC}.Debug|Win32.Build.0 = Debug|Win32
		{8574D8A9-4F38-44CF-B129-D912FF0A0FEC}.Debug|Win32.Deploy.0 = Debug|Win32
		{8574D8A9-4F38-44CF-B129-D912FF0A0FEC}.Debug|x64.ActiveCfg = Debug|x64
		{8574D8A9-4F38-44CF-B129-D912FF0A0FEC}.Debug|x64.Build.0 = Debug|x64
		{8574D8A9-4F38-44CF-B129-D912FF0A0FEC}.Debug|x64.Deploy.0 = Debug|x64
		{8574D8A9-4F38-44CF-B129-D912FF0A0FEC}.Release|Win32.ActiveCfg = Release|Win32
		{8574D8A9-4F38-44CF-B129-D912FF0A0FEC}.Release|Win32.Build.0 = Release|Win32
		{8574D8A9-4F38-44CF-B129-D912FF0A0FEC}.Release|Win32.Deploy.0 = Release|Win32
		{8574D8A9-4F38-44CF-B129-D912FF0A0FEC}.Release|x64.ActiveCfg = Release|x64
		{8574D8A9-4F38-44CF-B129-D912FF0A0FEC}.Release|x64.Build.0 = Release|x64
		{8574D8A9-4F38-44CF-B129-D912FF0A0FEC}.Release|x64.Deploy.0 = Release|x64
		{ACC3231D-8CFC-4AAC-BBAF-DCF34549648A}.Debug|Win32.ActiveCfg = Debug|Win32
		{ACC3231D-8CFC-4AAC-BBAF-DCF34549648A}.Debug|Win32.Build.0 = Debug|Win32
		{ACC3231D-8CFC-4AAC-BBAF-DCF34549648A}.Debug|Win32.Deploy.0 = Debug|Win32
		{ACC3231D-8CFC-4AAC-BBAF-DCF34549648A}.Debug|x64.ActiveCfg = Debug|x64
		{ACC3231D-8CFC-4AAC-BBAF-DCF34549648A}.Debug|x64.Build.0 = Debug|x64
		{ACC3231D-8CFC-4AAC-BBAF-DCF34549648A}.Debug|x64.Deploy.0 = Debug|x64
		{ACC3231D-8CFC-4AAC-BBAF-DCF34549648A}.Release|Win32.ActiveCfg = Release|Win32
		{ACC3231D-8CFC-4AAC-BBAF-DCF34549648A}.Release|Win32.Build.0 = Release|Win32
		{ACC3231D-8CFC-4AAC-BBAF-DCF34549648A}.Release|Win32.Deploy.0 = Release|Win32
		{ACC3231D-8CFC-4AAC-BBAF-DCF34549648A}.Release|x64.ActiveCfg = Release|x64
		{ACC3231D-8CFC-4AAC-BBAF-DCF34549648A}.Release|x64.Build.0 = Release|x64
		{ACC3231D-8CFC-4AAC-BBAF-DCF34549648A}.Release|x64.Deploy.0 = Release|x64
		{CC577615-5DEB-462B-A6FF-9B628BC6A9D0}.Debug|Win32.ActiveCfg = Debug|Win32
		{CC577615-5DEB-462B-A6FF-9B628BC6A9D0}.Debug|Win32.Build.0 = Debug|Win32
		{CC577615-5DEB-462B-A6FF-9B628BC6A9D0}.Debug|Win32.Deploy.0 = Debug|Win32
		{CC577615-5DEB-462B-A6FF-9B628BC6A9D0}.Debug|x64.ActiveCfg = Debug|x64
		{CC577615-5DEB-462B-A6FF-9B628BC6A9D0}.Debug|x64.Build.0 = Debug|x64
		{CC577615-5DEB-462B-A6FF-9B628BC6A9D0}.Debug|x64.Deploy.0 = Debug|x64
		{CC577615-5DEB-462B-A6FF-9B628BC6A9D0}.Release|Win32.ActiveCfg = Release|Win32
		{CC577615-5DEB-462B-A6FF-9B628BC6A9D0}.Release|Win32.Build.0 = Release|Win32
		{CC577615-5DEB-462B-A6FF-9B628BC6A9D0}.Release|Win32.Deploy.0 = Release|Win32
		{CC577615-5DEB-462B-A6FF-9B628BC6A9D0}.Release|x64.ActiveCfg = Release|x64
		{CC577615-5DEB-462B-A6FF-9B628BC6A9D0}.Release|x64.Build.0 = Release|x64
		{CC577615-5DEB-462B-A6FF-9B628BC6A9D0}.Release|x64.Deploy.0 = Release|x64
		{4EC14276-8A0A-45C3-B9DF-B8631F2DCFA7}.Debug|Win32.ActiveCfg = Debug|Win32
		{4EC14276-8A0A-45C3-B9DF-B8631F2DCFA7}.Debug|Win32.Build.0 = Debug|Win32
		{4EC14276-8A0A-45C3-B9DF-B8631F2DCFA7}.Debug|Win32.Deploy.0 = Debug|Win32
		{4EC14276-8A0A-45C3-B9DF-B8631F2DCFA7}.Debug|x64.ActiveCfg = Debug|x64
		{4EC14276-8A0A-45C3-B9DF-B8631F2DCFA7}.Debug|x64.Build.0 = Debug|x64
		{4EC14276-8A0A-45C3-B9DF-B8631F2DCFA7}.Debug|x64.Deploy.0 = Debug|x64
		{4EC14276-8A0A-45C3-B9DF-B8631F2DCFA7}.Release|Win32.ActiveCfg = Release|Win32
		{4EC14276-8A0A-45C3-B9DF-B8631F2DCFA7}.Release|Win32.Build.0 = Release|Win32
		{4EC14276-8A0A-45C3-B9DF-B8631F2DCFA7}.Release|Win32.Deploy.0 = Release|Win32
		{4EC14276-8A0A-45C3-B9DF-B8631F2DCFA7}.Release|x64.ActiveCfg = Release|x64
		{4EC14276-8A0A-45C3-B9DF-B8631F2DCFA7}.Release|x64.Build.0 = Release|x64
		{4EC14276-8A0A-45C3-B9DF-B8631F2DCFA7}.Release|x64.Deploy.0 = Release|x64
		{A3B951C0-851E-4E36-B1C5-E3C91898BCD5}.Debug|Win32.ActiveCfg = Debug|Win32
		{A3B951C0-851E-4E36-B1C5-E3C91898BCD5}.Debug|Win32.Build.0 = Debug|Win32
		{A3B951C0-851E-4E36-B1C5-E3C91898BCD5}.Debug|Win32.Deploy.0 = Debug|Win32
		{A3B951C0-851E-4E36-B1C5-E3C91898BCD5}.Debug|x64.ActiveCfg = Debug|x64
		{A3B951C0-851E-4E36-B1C5-E3C91898BCD5}.Debug|x64.Build.0 = Debug|x64
		{A3B951C0-851E-4E36-B1C5-E3C91898BCD5}.Debug|x64.Deploy.0 = Debug|x64
		{A3B951C0-851E-4E36-B1C5-E3C91898BCD5}.Release|Win32.ActiveCfg = Release|Win32
		{A3B951C0-851E-4E36-B1C5-E3C91898BCD5}.Release|Win32.Build.0 = Release|Win32
		{A3B951C0-851E-4E36-B1C5-E3C91898BCD5}.Release|Win32.Deploy.0 = Release|Win32
		{A3B951C0-851E-4E36-B1C5-E3C91898BCD5}.Release|x64.ActiveCfg = Release|x64
		{A3B951C0-851E-4E36-B1C5-E3C91898BCD5}.Release|x64.Build.0 = Release|x64
		{A3B951C0-851E-4E36-B1C5-E3C91898BCD5}.Release|x64.Deploy.0 = Release|x64
		{8B1D968A-EA98-4E49-B409-CF66EFD508FA}.Debug|Win32.ActiveCfg = Debug|Win32
		{8B1D968A-EA98-4E49-B409-CF66EFD508FA}.Debug|Win32.Build.0 = Debug|Win32
		{8B1D968A-EA98-4E49-B409-CF66EFD508FA}.Debug|Win32.Deploy.0 = Debug|Win32
		{8B1D968A-EA98-4E49-B409-CF66EFD508FA}.Debug|x64.ActiveCfg = Debug|x64
		{8B1D968A-EA98-4E49-B409-CF66EFD508FA}.Debug|x64.Build.0 = Debug|x64
		{8B1D968A-EA98-4E49-B409-CF66EFD508FA}.Debug|x64.Deploy.0 = Debug|x64
		{8B1D968A-EA98-4E49-B409-CF66EFD508FA}.Release|Win32.ActiveCfg = Release|Win32
		{8B1D968A-EA98-4E49-B409-CF66EFD508FA}.Release|Win32.Build.0 = Release|Win32
		{8B1D968A-EA98-4E49-B409-CF66EFD508FA}.Release|Win32.Deploy.0 = Release|Win32
		{8B1D968A-EA98-4E49-B409-CF66EFD508FA}.Release|x64.ActiveCfg = Release|x64
		{8B1D968A-EA98-4E49-B409-CF66EFD508FA}.Release|x64.Build.0 = Release|x64
		{8B1D968A-EA98-4E49-B409-CF66EFD508FA}.Release|x64.Deploy.0 = Release|x64
		{55711DA9-EFAB-4292-86DF-9AC972B52C52}.Debug|Win32.ActiveCfg = Debug|Win32
		{55711DA9-EFAB-4292-86DF-9AC972B52C52}.Debug|Win32.Build.0 = Debug|Win32
		{55711DA9-EFAB-4292-86DF-9AC972B52C52}.Debug|Win32.Deploy.0 = Debug|Win32
		{55711DA9-EFAB-4292-86DF-9AC972B52C52}.Debug|x64.ActiveCfg = Debug|x64
		{55711DA9-EFAB-4292-86DF-9AC972B52C52}.Debug|x64.Build.0 = Debug|x64
		{55711DA9-EFAB-4292-86DF-9AC972B52C52}.Debug|x64.Deploy.0 = Debug|x64
		{55711DA9-EFAB-4292-86DF-9AC972B52C52}.Release|Win32.ActiveCfg = Release|Win32
		{55711DA9-EFAB-4292-86DF-9AC972B52C52}.Release|Win32.Build.0 = Release|Win32
		{55711DA9-EFAB-4292-86DF-9AC972B52C52}.Release|Win32.Deploy.0 = Release|Win32
		{55711DA9-EFAB-4292-86DF-9AC972B52C52}.Release|x64.ActiveCfg = Release|x64
		{55711DA9-EFAB-4292-86DF-9AC972B52C52}.Release|x64.Build.0 = Release|x64
		{55711DA9-EFAB-4292-86DF-9AC972B52C52}.Release|x64.Deploy.0 = Release|x64
		{66908547-C259-4F4E-A3E2-0A32C94A0DDC}.Debug|Win32.ActiveCfg = Debug|Win32
		{66908547-C259-4F4E-A3E2-0A32C94A0DDC}.Debug|Win32.Build.0 = Debug|Win32
		{66908547-C259-4F4E-A3E2-0A32C94A0DDC}.Debug|Win32.Deploy.0 = Debug|Win32
		{66908547-C259-4F4E-A3E2-0A32C94A0DDC}.Debug|x64.ActiveCfg = Debug|x64
		{66908547-C259-4F4E-A3E2-0A32C94A0DDC}.Debug|x64.Build.0 = Debug|x64
		{66908547-C259-4F4E-A3E2-0A32C94A0DDC}.Debug|x64.Deploy.0 = Debug|x64
		{66908547-C259-4F4E-A3E2-0A32C94A0DDC}.Release|Win32.ActiveCfg = Release|Win32
		{66908547-C259-4F4E-A3E2-0A32C94A0DDC}.Release|Win32.Build.0 = Release|Win32
		{66908547-C259-4F4E-A3E2-0A32C94A0DDC}.Release|Win32.Deploy.0 = Release|Win32
		{66908547-C259-4F4E-A3E2-0A32C94A0DDC}.Release|x64.ActiveCfg = Release|x64
		{66908547-C259-4F4E-A3E2-0A32C94A0DDC}.Release|x64.Build.0 = Release|x64
		{66908547-C259-4F4E-A3E2-0A32C94A0DDC}.Release|x64.Deploy.0 = Release|x64
		{906B5E6E-4EA7-4D01-9DC2-B1EAC0DE9B6D}.Debug|Win32.ActiveCfg = Debug|Win32
		{906B5E6E-4EA7-4D01-9DC2-B1EAC0DE9B6D}.Debug|Win32.Build.0 = Debug|Win32
		{906B5E6E-4EA7-4D01-9DC2-B1EAC0DE9B6D}.Debug|Win32.Deploy.0 = Debug|Win32
		{906B5E6E-4EA7-4D01-9DC2-B1EAC0DE9B6D}.Debug|x64.ActiveCfg = Debug|x64
		{906B5E6E-4EA7-4D01-9DC2-B1EAC0DE9B6D}.Debug|x64.Build.0 = Debug|x64
		{906B5E6E-4EA7-4D01-9DC2-B1EAC0DE9B6D}.Debug|x64.Deploy.0 = Debug|x64
		{906B5E6E-4EA7-4D01-9DC2-B1EAC0DE9B6D}.Release|Win32.ActiveCfg = Release|Win32
		{906B5E6E-4EA7-4D01-9DC2-B1EAC0DE9B6D}.Release|Win32.Build.0 = Release|Win32
		{906B5E6E-4EA7-4D01-9DC2-B1EAC0DE9B6D}.Release|Win32.Deploy.0 = Release|Win32
		{906B5E6E-4EA7-4D01-9DC2-B1EAC0DE9B6D}.Release|x64.ActiveCfg = Release|x64
		{906B5E6E-4EA7-4D01-9DC2-B1EAC0DE9B6D}.Release|x64.Build.0 = Release|x64
		{906B5E6E-4EA7-4D01-9DC2-B1EAC0DE9B6D}.Release|x64.Deploy.0 = Release|x64
		{265A9A3B-EDF7-45B9-85F1-329A7045C5DE}.Debug|Win32.ActiveCfg = Debug|Win32
		{265A9A3B-EDF7-45B9-85F1-329A7045C5DE}.Debug|Win32.Build.0 = Debug|Win32
		{265A9A3B-EDF7-45B9-85F1-329A7045C5DE}.Debug|Win32.Deploy.0 = Debug|Win32
		{265A9A3B-EDF7-45B9-85F1-329A7045C5DE}.Debug|x64.ActiveCfg = Debug|x64
		{265A9A3B-EDF7-45B9-85F1-329A7045C5DE}.Debug|x64.Build.0 = Debug|x64
		{265A9A3B-EDF7-45B9-85F1-329A7045C5DE}.Debug|x64.Deploy.0 = Debug|x64
		{265A9A3B-EDF7-45B9-85F1-329A7045C5DE}.Release|Win32.ActiveCfg = Release|Win32
		{265A9A3B-EDF7-45B9-85F1-329A7045C5DE}.Release|Win32.Build.0 = Release|Win32
		{265A9A3B-EDF7-45B9-85F1-329A7045C5DE}.Release|Win32.Deploy.0 = Release|Win32
		{265A9A3B-EDF7-45B9-85F1-329A7045C5DE}.Release|x64.ActiveCfg = Release|x64
		{265A9A3B-EDF7-45B9-85F1-329A7045C5DE}.Release|x64.Build.0 = Release|x64
		{265A9A3B-EDF7-45B9-85F1-329A7045C5DE}.Release|x64.Deploy.0 = Release|x64
		{09B41A1B-297D-4E6D-9F2D-9D2D050B1D1A}.Debug|Win32.ActiveCfg = Debug|Win32
		{09B41A1B-297D-4E6D-9F2D-9D2D050B1D1A}.Debug|Win32.Build.0 = Debug|Win32
		{09B41A1B-297D-4E6D-9F2D-9D2D050B1D1A}.Debug|Win32.Deploy.0 = Debug|Win32
		{09B41A1B-297D-4E6D-9F2D-9D2D050B1D1A}.Debug|x64.ActiveCfg = Debug|x64
		{09B41A1B-297D-4E6D-9F2D-9D2D050B1D1A}.Debug|x64.Build.0 = Debug|x64
		{09B41A1B-297D-4E6D-9F2D-9D2D050B1D1A}.Debug|x64.Deploy.0 = Debug|x64
		{09B41A1B-297D-4E6D-9F2D-9D2D050B1D1A}.Release|Win32.ActiveCfg = Release|Win32
		{09B41A1B-297D-4E6D-9F2D-9D2D050B1D1A}.Release|Win32.Build.0 = Release|Win32
		{09B41A1B-297D-4E6D-9F2D-9D2D050B1D1A}.Release|Win32.Deploy.0 = Release|Win32
		{09B41A1B-297D-4E6D-9F2D-9D2D050B1D1A}.Release|x64.ActiveCfg = Release|x64
		{09B41A1B-297D-4E6D-9F2D-9D2D050B1D1A}.Release|x64.Build.0 = Release|x64
		{09B41A1B-297D-4E6D-9F2D-9D2D050B1D1A}.Release|x64.Deploy.0 = Release|x64
		{C589F136-9014-4944-80C7-8B526A2575C9}.Debug|Win32.ActiveCfg = Debug|Win32
		{C589F136-9014-4944-80C7-8B526A2575C9}.Debug|Win32.Build.0 = Debug|Win32
		{C589F136-9014-4944-80C7-8B526A2575C9}.Debug|Win32.Deploy.0 = Debug|Win32
		{C589F136-9014-4944-80C7-8B526A2575C9}.Debug|x64.ActiveCfg = Debug|x64
		{C589F136-9014-4944-80C7-8B526A2575C9}.Debug|x64.Build.0 = Debug|x64
		{C589F136-9014-4944-80C7-8B526A2575C9}.Debug|x64.Deploy.0 = Debug|x64
		{C589F136-9014-4944-80C7-8B526A2575C9}.Release|Win32.ActiveCfg = Release|Win32
		{C589F136-9014-4944-80C7-8B526A2575C9}.Release|Win32.Build.0 = Release|Win32
		{C589F136-9014-4944-80C7-8B526A2575C9}.Release|Win32.Deploy.0 = Release|Win32
		{C589F136-9014-4944-80C7-8B526A2575C9}.Release|x64.ActiveCfg = Release|x64
		{C589F136-9014-4944-80C7-8B526A2575C9}.Release|x64.Build.0 = Release|x64
		{C589F136-9014-4944-80C7-8B526A2575C9}.Release|x64.Deploy.0 = Release|x64
		{449271C4-8F42-4816-AB57-AFA89E4C2CBD}.Debug|Win32.ActiveCfg = Debug|Win32
		{449271C4-8F42-4816-AB57-AFA89E4C2CBD}.Debug|Win32.Build.0 = Debug|Win32
		{449271C4-8F42-4816-AB57-AFA89E4C2CBD}.Debug|Win32.Deploy.0 = Debug|Win32
		{449271C4-8F42-4816-AB57-AFA89E4C2CBD}.Debug|x64.ActiveCfg = Debug|x64
		{449271C4-8F42-4816-AB57-AFA89E4C2CBD}.Debug|x64.Build.0 = Debug|x64
		{449271C4-8F42-4816-AB57-AFA89E4C2CBD}.Debug|x64.Deploy.0 = Debug|x64
		{449271C4-8F42-4816-AB57-AFA89E4C2CBD}.Release|Win32.ActiveCfg = Release|Win32
		{449271C4-8F42-4816-AB57-AFA89E4C2CBD}.Release|Win32.Build.0 = Release|Win32
		{449271C4-8F42-4816-AB57-AFA89E4C2CBD}.Release|Win32.Deploy.0 = Release|Win32
		{449271C4-8F42-4816-AB57-AFA89E4C2CBD}.Release|x64.ActiveCfg = Release|x64
		{449271C4-8F42-4816-AB57-AFA89E4C2CBD}.Release|x64.Build.0 = Release|x64
		{449271C4-8F42-4816-AB57-AFA89E4C2CBD}.Release|x64.Deploy.0 = Release|x64
		{B79ED419-C8DD-476D-81B1-1C15BAD2C3B7}.Debug|Win32.ActiveCfg = Debug|Win32
		{B79ED419-C8DD-476D-81B1-1C15BAD2C3B7}.Debug|Win32.Build.0 = Debug|Win32
		{B79ED419-C8DD-476D-81B1-1C15BAD2C3B7}.Debug|Win32.Deploy.0 = Debug|Win32
		{B79ED419-C8DD-476D-81B1-1C15BAD2C3B7}.Debug|x64.ActiveCfg = Debug|x64
		{B79ED419-C8DD-476D-81B1-1C15BAD2C3B7}.Debug|x64.Build.0 = Debug|x64
		{B79ED419-C8DD-476D-81B1-1C15BAD2C3B7}.Debug|x64.Deploy.0 = Debug|x64
		{B79ED419-C8DD-476D-81B1-1C15BAD2C3B7}.Release|Win32.ActiveCfg = Release|Win32
		{B79ED419-C8DD-476D-81B1-1C15BAD2C3B7}.Release|Win32.Build.0 = Release|Win32
		{B79ED419-C8DD-476D-81B1-1C15BAD2C3B7}.Release|Win32.Deploy.0 = Release|Win32
		{B79ED419-C8DD-476D-81B1-1C15BAD2C3B7}.Release|x64.ActiveCfg = Release|x64
		{B79ED419-C8DD-476D-81B1-1C15BAD2C3B7}.Release|x64.Build.0 = Release|x64
		{B79ED419-C8DD-476D-81B1-1C15BAD2C3B7}.Release|x64.Deploy.0 = Release|x64
		{CA5D4E6F-AFE9-46AE-955E-D3D66FA410C1}.Debug|Win32.ActiveCfg = Debug|Win32
		{CA5D4E6F-AFE9-46AE-955E-D3D66FA410C1}.Debug|Win32.Build.0 = Debug|Win32
		{CA5D4E6F-AFE9-46AE-955E-D3D66FA410C1}.Debug|Win32.Deploy.0 = Debug|Win32
		{CA5D4E6F-AFE9-46AE-955E-D3D66FA410C1}.Debug|x64.ActiveCfg = Debug|x64
		{CA5D4E6F-AFE9-46AE-955E-D3D66FA410C1}.Debug|x64.Build.0 = Debug|x64
		{CA5D4E6F-AFE9-46AE-955E-D3D66FA410C1}.Debug|x64.Deploy.0 = Debug|x64
		{CA5D4E6F-AFE9-46AE-955E-D3D66FA410C1}.Release|Win32.ActiveCfg = Release|Win32
		{CA5D4E6F-AFE9-46AE-955E-D3D66FA410C1}.Release|Win32.Build.0 = Release|Win32
		{CA5D4E6F-AFE9-46AE-955E-D3D66FA410C1}.Release|Win32.Deploy.0 = Release|Win32
		{CA5D4E6F-AFE9-46AE-955E-D3D66FA410C1}.Release|x64.ActiveCfg = Release|x64
		{CA5D4E6F-AFE9-46AE-955E-D3D66FA410C1}.Release|x64.Build.0 = Release|x64
		{CA5D4E6F-AFE9-46AE-955E-D3D66FA410C1}.Release|x64.Deploy.0 = Release|x64
		{3F895063-7A8A-49BA-AC13-ECB310E00DD0}.Debug|Win32.ActiveCfg = Debug|Win32
		{3F895063-7A8A-49BA-AC13-ECB310E00DD0}.Debug|Win32.Build.0 = Debug|Win32
		{3F895063-7A8A-49BA-AC13-ECB310E00DD0}.Debug|Win32.Deploy.0 = Debug|Win32
		{3F895063-7A8A-49BA-AC13-ECB310E00DD0}.Debug|x64.ActiveCfg = Debug|x64
		{3F895063-7A8A-49BA-AC13-ECB310E00DD0}.Debug|x64.Build.0 = Debug|x64
		{3F895063-7A8A-49BA-AC13-ECB310E00DD0}.Debug|x64.Deploy.0 = Debug|x64
		{3F895063-7A8A-49BA-AC13-ECB310E00DD0}.Release|Win32.ActiveCfg = Release|Win32
		{3F895063-7A8A-49BA-AC13-ECB310E00DD0}.Release|Win32.Build.0 = Release|Win32
		{3F895063-7A8A-49BA-AC13-ECB310E00DD0}.Release|Win32.Deploy.0 = Release|Win32
		{3F895063-7A8A-49BA-AC13-ECB310E00DD0}.Release|x64.ActiveCfg = Release|x64
		{3F895063-7A8A-49BA-AC13-ECB310E00DD0}.Release|x64.Build.0 = Release|x64
		{3F895063-7A8A-49BA-AC13-ECB310E00DD0}.Release|x64.Deploy.0 = Release|x64
	EndGlobalSection
	GlobalSection(SolutionProperties) = preSolution
		HideSolutionNode = FALSE
	EndGlobalSection
EndGlobal
